Microsoft Visual Studio Solution File, Format Version 9.00
# Visual Studio 2005
Project("{8BC9CEB8-8B4A-11D0-8D11-00A0C91BC942}") = "map-server_txt", "vcproj-8\map-server_txt.vcproj", "{D356871D-58E1-450B-967A-E1E9646175AF}"
EndProject
Project("{8BC9CEB8-8B4A-11D0-8D11-00A0C91BC942}") = "login-server_txt", "vcproj-8\login-server_txt.vcproj", "{D356871D-58E1-450B-967A-E2E9646175AF}"
EndProject
Project("{8BC9CEB8-8B4A-11D0-8D11-00A0C91BC942}") = "char-server_txt", "vcproj-8\char-server_txt.vcproj", "{D356871D-58E1-450B-967A-E3E9646175AF}"
EndProject
Project("{8BC9CEB8-8B4A-11D0-8D11-00A0C91BC942}") = "char-server_sql", "vcproj-8\char-server_sql.vcproj", "{D356871D-58E1-450B-967A-E4E9646175AF}"
EndProject
Project("{8BC9CEB8-8B4A-11D0-8D11-00A0C91BC942}") = "login-server_sql", "vcproj-8\login-server_sql.vcproj", "{D356871D-58E1-450B-967A-E5E9646175AF}"
EndProject
Project("{8BC9CEB8-8B4A-11D0-8D11-00A0C91BC942}") = "map-server_sql", "vcproj-8\map-server_sql.vcproj", "{D356871D-58E1-450B-967A-E6E9646175AF}"
EndProject
Project("{8BC9CEB8-8B4A-11D0-8D11-00A0C91BC942}") = "mapcache", "vcproj-8\mapcache.vcproj", "{D356871D-58E1-450B-967A-E7E9646175AF}"
EndProject
Project("{8BC9CEB8-8B4A-11D0-8D11-00A0C91BC942}") = "txt-converter-login", "vcproj-8\txt-converter-login.vcproj", "{D356871D-58E1-450B-967A-E9E9646175AF}"
EndProject
Project("{8BC9CEB8-8B4A-11D0-8D11-00A0C91BC942}") = "txt-converter-char", "vcproj-8\txt-converter-char.vcproj", "{D356871D-58E1-450B-967A-EAE9646175AF}"
EndProject
Project("{8BC9CEB8-8B4A-11D0-8D11-00A0C91BC942}") = "plugin-console", "vcproj-8\plugin-console.vcproj", "{73E1101A-310C-4453-8F45-FD2795ABEF15}"
EndProject
Project("{8BC9CEB8-8B4A-11D0-8D11-00A0C91BC942}") = "plugin-gui", "vcproj-8\plugin-gui.vcproj", "{7B8997FF-A2B1-4E3C-B6A9-9290F31056DB}"
EndProject
Project("{8BC9CEB8-8B4A-11D0-8D11-00A0C91BC942}") = "plugin-pid", "vcproj-8\plugin-pid.vcproj", "{9509E1B9-DA2B-4153-9EE0-CBCA6597F198}"
EndProject
Global
	GlobalSection(SolutionConfigurationPlatforms) = preSolution
		Debug|Win32 = Debug|Win32
		Debug-sql|Win32 = Debug-sql|Win32
		Debug-txt|Win32 = Debug-txt|Win32
		Release|Win32 = Release|Win32
		Release-sql|Win32 = Release-sql|Win32
		Release-txt|Win32 = Release-txt|Win32
	EndGlobalSection
	GlobalSection(ProjectConfigurationPlatforms) = postSolution
		{D356871D-58E1-450B-967A-E1E9646175AF}.Debug|Win32.ActiveCfg = Debug|Win32
		{D356871D-58E1-450B-967A-E1E9646175AF}.Debug|Win32.Build.0 = Debug|Win32
		{D356871D-58E1-450B-967A-E1E9646175AF}.Debug-sql|Win32.ActiveCfg = Debug|Win32
		{D356871D-58E1-450B-967A-E1E9646175AF}.Debug-txt|Win32.ActiveCfg = Debug|Win32
		{D356871D-58E1-450B-967A-E1E9646175AF}.Debug-txt|Win32.Build.0 = Debug|Win32
		{D356871D-58E1-450B-967A-E1E9646175AF}.Release|Win32.ActiveCfg = Release|Win32
		{D356871D-58E1-450B-967A-E1E9646175AF}.Release|Win32.Build.0 = Release|Win32
		{D356871D-58E1-450B-967A-E1E9646175AF}.Release-sql|Win32.ActiveCfg = Release|Win32
		{D356871D-58E1-450B-967A-E1E9646175AF}.Release-txt|Win32.ActiveCfg = Release|Win32
		{D356871D-58E1-450B-967A-E1E9646175AF}.Release-txt|Win32.Build.0 = Release|Win32
		{D356871D-58E1-450B-967A-E2E9646175AF}.Debug|Win32.ActiveCfg = Debug|Win32
		{D356871D-58E1-450B-967A-E2E9646175AF}.Debug|Win32.Build.0 = Debug|Win32
		{D356871D-58E1-450B-967A-E2E9646175AF}.Debug-sql|Win32.ActiveCfg = Debug|Win32
		{D356871D-58E1-450B-967A-E2E9646175AF}.Debug-txt|Win32.ActiveCfg = Debug|Win32
		{D356871D-58E1-450B-967A-E2E9646175AF}.Debug-txt|Win32.Build.0 = Debug|Win32
		{D356871D-58E1-450B-967A-E2E9646175AF}.Release|Win32.ActiveCfg = Release|Win32
		{D356871D-58E1-450B-967A-E2E9646175AF}.Release|Win32.Build.0 = Release|Win32
		{D356871D-58E1-450B-967A-E2E9646175AF}.Release-sql|Win32.ActiveCfg = Release|Win32
		{D356871D-58E1-450B-967A-E2E9646175AF}.Release-txt|Win32.ActiveCfg = Release|Win32
		{D356871D-58E1-450B-967A-E2E9646175AF}.Release-txt|Win32.Build.0 = Release|Win32
		{D356871D-58E1-450B-967A-E3E9646175AF}.Debug|Win32.ActiveCfg = Debug|Win32
		{D356871D-58E1-450B-967A-E3E9646175AF}.Debug|Win32.Build.0 = Debug|Win32
		{D356871D-58E1-450B-967A-E3E9646175AF}.Debug-sql|Win32.ActiveCfg = Debug|Win32
		{D356871D-58E1-450B-967A-E3E9646175AF}.Debug-txt|Win32.ActiveCfg = Debug|Win32
		{D356871D-58E1-450B-967A-E3E9646175AF}.Debug-txt|Win32.Build.0 = Debug|Win32
		{D356871D-58E1-450B-967A-E3E9646175AF}.Release|Win32.ActiveCfg = Release|Win32
		{D356871D-58E1-450B-967A-E3E9646175AF}.Release|Win32.Build.0 = Release|Win32
		{D356871D-58E1-450B-967A-E3E9646175AF}.Release-sql|Win32.ActiveCfg = Release|Win32
		{D356871D-58E1-450B-967A-E3E9646175AF}.Release-txt|Win32.ActiveCfg = Release|Win32
		{D356871D-58E1-450B-967A-E3E9646175AF}.Release-txt|Win32.Build.0 = Release|Win32
		{D356871D-58E1-450B-967A-E4E9646175AF}.Debug|Win32.ActiveCfg = Debug|Win32
		{D356871D-58E1-450B-967A-E4E9646175AF}.Debug|Win32.Build.0 = Debug|Win32
		{D356871D-58E1-450B-967A-E4E9646175AF}.Debug-sql|Win32.ActiveCfg = Debug|Win32
		{D356871D-58E1-450B-967A-E4E9646175AF}.Debug-sql|Win32.Build.0 = Debug|Win32
		{D356871D-58E1-450B-967A-E4E9646175AF}.Debug-txt|Win32.ActiveCfg = Debug|Win32
		{D356871D-58E1-450B-967A-E4E9646175AF}.Release|Win32.ActiveCfg = Release|Win32
		{D356871D-58E1-450B-967A-E4E9646175AF}.Release|Win32.Build.0 = Release|Win32
		{D356871D-58E1-450B-967A-E4E9646175AF}.Release-sql|Win32.ActiveCfg = Release|Win32
		{D356871D-58E1-450B-967A-E4E9646175AF}.Release-sql|Win32.Build.0 = Release|Win32
		{D356871D-58E1-450B-967A-E4E9646175AF}.Release-txt|Win32.ActiveCfg = Release|Win32
		{D356871D-58E1-450B-967A-E5E9646175AF}.Debug|Win32.ActiveCfg = Debug|Win32
		{D356871D-58E1-450B-967A-E5E9646175AF}.Debug|Win32.Build.0 = Debug|Win32
		{D356871D-58E1-450B-967A-E5E9646175AF}.Debug-sql|Win32.ActiveCfg = Debug|Win32
		{D356871D-58E1-450B-967A-E5E9646175AF}.Debug-sql|Win32.Build.0 = Debug|Win32
		{D356871D-58E1-450B-967A-E5E9646175AF}.Debug-txt|Win32.ActiveCfg = Debug|Win32
		{D356871D-58E1-450B-967A-E5E9646175AF}.Release|Win32.ActiveCfg = Release|Win32
		{D356871D-58E1-450B-967A-E5E9646175AF}.Release|Win32.Build.0 = Release|Win32
		{D356871D-58E1-450B-967A-E5E9646175AF}.Release-sql|Win32.ActiveCfg = Release|Win32
		{D356871D-58E1-450B-967A-E5E9646175AF}.Release-sql|Win32.Build.0 = Release|Win32
		{D356871D-58E1-450B-967A-E5E9646175AF}.Release-txt|Win32.ActiveCfg = Release|Win32
		{D356871D-58E1-450B-967A-E6E9646175AF}.Debug|Win32.ActiveCfg = Debug|Win32
		{D356871D-58E1-450B-967A-E6E9646175AF}.Debug|Win32.Build.0 = Debug|Win32
		{D356871D-58E1-450B-967A-E6E9646175AF}.Debug-sql|Win32.ActiveCfg = Debug|Win32
		{D356871D-58E1-450B-967A-E6E9646175AF}.Debug-sql|Win32.Build.0 = Debug|Win32
		{D356871D-58E1-450B-967A-E6E9646175AF}.Debug-txt|Win32.ActiveCfg = Debug|Win32
		{D356871D-58E1-450B-967A-E6E9646175AF}.Release|Win32.ActiveCfg = Release|Win32
		{D356871D-58E1-450B-967A-E6E9646175AF}.Release|Win32.Build.0 = Release|Win32
		{D356871D-58E1-450B-967A-E6E9646175AF}.Release-sql|Win32.ActiveCfg = Release|Win32
		{D356871D-58E1-450B-967A-E6E9646175AF}.Release-sql|Win32.Build.0 = Release|Win32
		{D356871D-58E1-450B-967A-E6E9646175AF}.Release-txt|Win32.ActiveCfg = Release|Win32
		{D356871D-58E1-450B-967A-E7E9646175AF}.Debug|Win32.ActiveCfg = Debug|Win32
		{D356871D-58E1-450B-967A-E7E9646175AF}.Debug|Win32.Build.0 = Debug|Win32
		{D356871D-58E1-450B-967A-E7E9646175AF}.Debug-sql|Win32.ActiveCfg = Debug|Win32
		{D356871D-58E1-450B-967A-E7E9646175AF}.Debug-sql|Win32.Build.0 = Debug|Win32
		{D356871D-58E1-450B-967A-E7E9646175AF}.Debug-txt|Win32.ActiveCfg = Debug|Win32
		{D356871D-58E1-450B-967A-E7E9646175AF}.Debug-txt|Win32.Build.0 = Debug|Win32
		{D356871D-58E1-450B-967A-E7E9646175AF}.Release|Win32.ActiveCfg = Release|Win32
		{D356871D-58E1-450B-967A-E7E9646175AF}.Release|Win32.Build.0 = Release|Win32
		{D356871D-58E1-450B-967A-E7E9646175AF}.Release-sql|Win32.ActiveCfg = Release|Win32
		{D356871D-58E1-450B-967A-E7E9646175AF}.Release-sql|Win32.Build.0 = Release|Win32
		{D356871D-58E1-450B-967A-E7E9646175AF}.Release-txt|Win32.ActiveCfg = Release|Win32
		{D356871D-58E1-450B-967A-E7E9646175AF}.Release-txt|Win32.Build.0 = Release|Win32
		{D356871D-58E1-450B-967A-E9E9646175AF}.Debug|Win32.ActiveCfg = Debug|Win32
		{D356871D-58E1-450B-967A-E9E9646175AF}.Debug|Win32.Build.0 = Debug|Win32
		{D356871D-58E1-450B-967A-E9E9646175AF}.Debug-sql|Win32.ActiveCfg = Debug|Win32
		{D356871D-58E1-450B-967A-E9E9646175AF}.Debug-txt|Win32.ActiveCfg = Debug|Win32
		{D356871D-58E1-450B-967A-E9E9646175AF}.Debug-txt|Win32.Build.0 = Debug|Win32
		{D356871D-58E1-450B-967A-E9E9646175AF}.Release|Win32.ActiveCfg = Release|Win32
		{D356871D-58E1-450B-967A-E9E9646175AF}.Release|Win32.Build.0 = Release|Win32
		{D356871D-58E1-450B-967A-E9E9646175AF}.Release-sql|Win32.ActiveCfg = Release|Win32
		{D356871D-58E1-450B-967A-E9E9646175AF}.Release-txt|Win32.ActiveCfg = Release|Win32
		{D356871D-58E1-450B-967A-E9E9646175AF}.Release-txt|Win32.Build.0 = Release|Win32
		{D356871D-58E1-450B-967A-EAE9646175AF}.Debug|Win32.ActiveCfg = Debug|Win32
		{D356871D-58E1-450B-967A-EAE9646175AF}.Debug|Win32.Build.0 = Debug|Win32
		{D356871D-58E1-450B-967A-EAE9646175AF}.Debug-sql|Win32.ActiveCfg = Debug|Win32
		{D356871D-58E1-450B-967A-EAE9646175AF}.Debug-txt|Win32.ActiveCfg = Debug|Win32
		{D356871D-58E1-450B-967A-EAE9646175AF}.Debug-txt|Win32.Build.0 = Debug|Win32
		{D356871D-58E1-450B-967A-EAE9646175AF}.Release|Win32.ActiveCfg = Release|Win32
		{D356871D-58E1-450B-967A-EAE9646175AF}.Release|Win32.Build.0 = Release|Win32
		{D356871D-58E1-450B-967A-EAE9646175AF}.Release-sql|Win32.ActiveCfg = Release|Win32
		{D356871D-58E1-450B-967A-EAE9646175AF}.Release-txt|Win32.ActiveCfg = Release|Win32
		{D356871D-58E1-450B-967A-EAE9646175AF}.Release-txt|Win32.Build.0 = Release|Win32
		{73E1101A-310C-4453-8F45-FD2795ABEF15}.Debug|Win32.ActiveCfg = Debug|Win32
		{73E1101A-310C-4453-8F45-FD2795ABEF15}.Debug|Win32.Build.0 = Debug|Win32
		{73E1101A-310C-4453-8F45-FD2795ABEF15}.Release|Win32.ActiveCfg = Release|Win32
		{73E1101A-310C-4453-8F45-FD2795ABEF15}.Release|Win32.Build.0 = Release|Win32
		{7B8997FF-A2B1-4E3C-B6A9-9290F31056DB}.Debug|Win32.ActiveCfg = Debug|Win32
		{7B8997FF-A2B1-4E3C-B6A9-9290F31056DB}.Debug|Win32.Build.0 = Debug|Win32
		{7B8997FF-A2B1-4E3C-B6A9-9290F31056DB}.Release|Win32.ActiveCfg = Release|Win32
		{7B8997FF-A2B1-4E3C-B6A9-9290F31056DB}.Release|Win32.Build.0 = Release|Win32
		{9509E1B9-DA2B-4153-9EE0-CBCA6597F198}.Debug|Win32.ActiveCfg = Debug|Win32
		{9509E1B9-DA2B-4153-9EE0-CBCA6597F198}.Debug|Win32.Build.0 = Debug|Win32
		{9509E1B9-DA2B-4153-9EE0-CBCA6597F198}.Release|Win32.ActiveCfg = Release|Win32
		{9509E1B9-DA2B-4153-9EE0-CBCA6597F198}.Release|Win32.Build.0 = Release|Win32
	EndGlobalSection
	GlobalSection(SolutionProperties) = preSolution
		HideSolutionNode = FALSE
	EndGlobalSection
EndGlobal
