<?xml version="1.0" encoding="utf-8"?>
<Project ToolsVersion="4.0" xmlns="http://schemas.microsoft.com/developer/msbuild/2003">
  <ItemGroup>
    <Filter Include="Source Files">
      <UniqueIdentifier>{4FC737F1-C7A5-4376-A066-2A32D752A2FF}</UniqueIdentifier>
      <Extensions>cpp;c;cc;cxx;def;odl;idl;hpj;bat;asm;asmx</Extensions>
    </Filter>
    <Filter Include="Header Files">
      <UniqueIdentifier>{93995380-89BD-4b04-88EB-625FBE52EBFB}</UniqueIdentifier>
      <Extensions>h;hh;hpp;hxx;hm;inl;inc;xsd</Extensions>
    </Filter>
  </ItemGroup>
  <ItemGroup>
    <ClInclude Include="char.hpp">
      <Filter>Header Files</Filter>
    </ClInclude>
    <ClInclude Include="char_clif.hpp">
      <Filter>Header Files</Filter>
    </ClInclude>
    <ClInclude Include="char_cnslif.hpp">
      <Filter>Header Files</Filter>
    </ClInclude>
    <ClInclude Include="char_logif.hpp">
      <Filter>Header Files</Filter>
    </ClInclude>
    <ClInclude Include="char_mapif.hpp">
      <Filter>Header Files</Filter>
    </ClInclude>
    <ClInclude Include="int_achievement.hpp">
      <Filter>Header Files</Filter>
    </ClInclude>
    <ClInclude Include="int_auction.hpp">
      <Filter>Header Files</Filter>
    </ClInclude>
    <ClInclude Include="int_elemental.hpp">
      <Filter>Header Files</Filter>
    </ClInclude>
    <ClInclude Include="int_guild.hpp">
      <Filter>Header Files</Filter>
    </ClInclude>
    <ClInclude Include="int_homun.hpp">
      <Filter>Header Files</Filter>
    </ClInclude>
    <ClInclude Include="int_mail.hpp">
      <Filter>Header Files</Filter>
    </ClInclude>
    <ClInclude Include="int_mercenary.hpp">
      <Filter>Header Files</Filter>
    </ClInclude>
    <ClInclude Include="int_party.hpp">
      <Filter>Header Files</Filter>
    </ClInclude>
    <ClInclude Include="int_pet.hpp">
      <Filter>Header Files</Filter>
    </ClInclude>
    <ClInclude Include="int_quest.hpp">
      <Filter>Header Files</Filter>
    </ClInclude>
    <ClInclude Include="int_storage.hpp">
      <Filter>Header Files</Filter>
    </ClInclude>
    <ClInclude Include="inter.hpp">
      <Filter>Header Files</Filter>
    </ClInclude>
    <ClInclude Include="int_clan.hpp">
      <Filter>Header Files</Filter>
    </ClInclude>
    <ClInclude Include="packets.hpp">
      <Filter>Header Files</Filter>
    </ClInclude>
  </ItemGroup>
  <ItemGroup>
    <ClCompile Include="char.cpp">
      <Filter>Source Files</Filter>
    </ClCompile>
    <ClCompile Include="char_clif.cpp">
      <Filter>Source Files</Filter>
    </ClCompile>
    <ClCompile Include="char_cnslif.cpp">
      <Filter>Source Files</Filter>
    </ClCompile>
    <ClCompile Include="char_logif.cpp">
      <Filter>Source Files</Filter>
    </ClCompile>
    <ClCompile Include="char_mapif.cpp">
      <Filter>Source Files</Filter>
    </ClCompile>
    <ClCompile Include="int_achievement.cpp">
      <Filter>Source Files</Filter>
    </ClCompile>
    <ClCompile Include="int_auction.cpp">
      <Filter>Source Files</Filter>
    </ClCompile>
    <ClCompile Include="int_elemental.cpp">
      <Filter>Source Files</Filter>
    </ClCompile>
    <ClCompile Include="int_guild.cpp">
      <Filter>Source Files</Filter>
    </ClCompile>
    <ClCompile Include="int_homun.cpp">
      <Filter>Source Files</Filter>
    </ClCompile>
    <ClCompile Include="int_mail.cpp">
      <Filter>Source Files</Filter>
    </ClCompile>
    <ClCompile Include="int_mercenary.cpp">
      <Filter>Source Files</Filter>
    </ClCompile>
    <ClCompile Include="int_party.cpp">
      <Filter>Source Files</Filter>
    </ClCompile>
    <ClCompile Include="int_pet.cpp">
      <Filter>Source Files</Filter>
    </ClCompile>
    <ClCompile Include="int_quest.cpp">
      <Filter>Source Files</Filter>
    </ClCompile>
    <ClCompile Include="int_storage.cpp">
      <Filter>Source Files</Filter>
    </ClCompile>
    <ClCompile Include="inter.cpp">
      <Filter>Source Files</Filter>
    </ClCompile>
    <ClCompile Include="int_clan.cpp">
      <Filter>Source Files</Filter>
    </ClCompile>
  </ItemGroup>
</Project>
