<?xml version="1.0" encoding="utf-8"?>
<Project ToolsVersion="4.0" xmlns="http://schemas.microsoft.com/developer/msbuild/2003">
  <ItemGroup>
    <ClCompile Include="..\3rdparty\mt19937ar\mt19937ar.c">
      <Filter>3rdparty</Filter>
    </ClCompile>
    <ClCompile Include="..\src\common\core.c">
      <Filter>common</Filter>
    </ClCompile>
    <ClCompile Include="..\src\common\db.c">
      <Filter>common</Filter>
    </ClCompile>
    <ClCompile Include="..\src\common\ers.c">
      <Filter>common</Filter>
    </ClCompile>
    <ClCompile Include="..\src\common\malloc.c">
      <Filter>common</Filter>
    </ClCompile>
    <ClCompile Include="..\src\common\mapindex.c">
      <Filter>common</Filter>
    </ClCompile>
    <ClCompile Include="..\src\common\nullpo.c">
      <Filter>common</Filter>
    </ClCompile>
    <ClCompile Include="..\src\common\plugins.c">
      <Filter>common</Filter>
    </ClCompile>
    <ClCompile Include="..\src\common\random.c">
      <Filter>common</Filter>
    </ClCompile>
    <ClCompile Include="..\src\common\showmsg.c">
      <Filter>common</Filter>
    </ClCompile>
    <ClCompile Include="..\src\common\socket.c">
      <Filter>common</Filter>
    </ClCompile>
    <ClCompile Include="..\src\common\sql.c">
      <Filter>common</Filter>
    </ClCompile>
    <ClCompile Include="..\src\common\strlib.c">
      <Filter>common</Filter>
    </ClCompile>
    <ClCompile Include="..\src\common\timer.c">
      <Filter>common</Filter>
    </ClCompile>
    <ClCompile Include="..\src\common\utils.c">
      <Filter>common</Filter>
    </ClCompile>
    <ClCompile Include="..\src\char_sql\char.c">
      <Filter>char_sql</Filter>
    </ClCompile>
    <ClCompile Include="..\src\char_sql\int_auction.c">
      <Filter>char_sql</Filter>
    </ClCompile>
    <ClCompile Include="..\src\char_sql\int_guild.c">
      <Filter>char_sql</Filter>
    </ClCompile>
    <ClCompile Include="..\src\char_sql\int_homun.c">
      <Filter>char_sql</Filter>
    </ClCompile>
    <ClCompile Include="..\src\char_sql\int_mail.c">
      <Filter>char_sql</Filter>
    </ClCompile>
    <ClCompile Include="..\src\char_sql\int_mercenary.c">
      <Filter>char_sql</Filter>
    </ClCompile>
    <ClCompile Include="..\src\char_sql\int_party.c">
      <Filter>char_sql</Filter>
    </ClCompile>
    <ClCompile Include="..\src\char_sql\int_pet.c">
      <Filter>char_sql</Filter>
    </ClCompile>
    <ClCompile Include="..\src\char_sql\int_quest.c">
      <Filter>char_sql</Filter>
    </ClCompile>
    <ClCompile Include="..\src\char_sql\int_storage.c">
      <Filter>char_sql</Filter>
    </ClCompile>
    <ClCompile Include="..\src\char_sql\inter.c">
      <Filter>char_sql</Filter>
    </ClCompile>
  </ItemGroup>
  <ItemGroup>
    <ClInclude Include="..\3rdparty\mt19937ar\mt19937ar.h">
      <Filter>3rdparty</Filter>
    </ClInclude>
    <ClInclude Include="..\src\common\cbasetypes.h">
      <Filter>common</Filter>
    </ClInclude>
    <ClInclude Include="..\src\common\core.h">
      <Filter>common</Filter>
    </ClInclude>
    <ClInclude Include="..\src\common\db.h">
      <Filter>common</Filter>
    </ClInclude>
    <ClInclude Include="..\src\common\ers.h">
      <Filter>common</Filter>
    </ClInclude>
    <ClInclude Include="..\src\common\malloc.h">
      <Filter>common</Filter>
    </ClInclude>
    <ClInclude Include="..\src\common\mapindex.h">
      <Filter>common</Filter>
    </ClInclude>
    <ClInclude Include="..\src\common\mmo.h">
      <Filter>common</Filter>
    </ClInclude>
    <ClInclude Include="..\src\common\nullpo.h">
      <Filter>common</Filter>
    </ClInclude>
    <ClInclude Include="..\src\common\plugin.h">
      <Filter>common</Filter>
    </ClInclude>
    <ClInclude Include="..\src\common\plugins.h">
      <Filter>common</Filter>
    </ClInclude>
    <ClInclude Include="..\src\common\random.h">
      <Filter>common</Filter>
    </ClInclude>
    <ClInclude Include="..\src\common\showmsg.h">
      <Filter>common</Filter>
    </ClInclude>
    <ClInclude Include="..\src\common\socket.h">
      <Filter>common</Filter>
    </ClInclude>
    <ClInclude Include="..\src\common\sql.h">
      <Filter>common</Filter>
    </ClInclude>
    <ClInclude Include="..\src\common\strlib.h">
      <Filter>common</Filter>
    </ClInclude>
    <ClInclude Include="..\src\common\timer.h">
      <Filter>common</Filter>
    </ClInclude>
    <ClInclude Include="..\src\common\utils.h">
      <Filter>common</Filter>
    </ClInclude>
    <ClInclude Include="..\src\common\version.h">
      <Filter>common</Filter>
    </ClInclude>
    <ClInclude Include="..\src\char_sql\inter.h">
      <Filter>char_sql</Filter>
    </ClInclude>
    <ClInclude Include="..\src\char_sql\char.h">
      <Filter>char_sql</Filter>
    </ClInclude>
    <ClInclude Include="..\src\char_sql\int_auction.h">
      <Filter>char_sql</Filter>
    </ClInclude>
    <ClInclude Include="..\src\char_sql\int_guild.h">
      <Filter>char_sql</Filter>
    </ClInclude>
    <ClInclude Include="..\src\char_sql\int_homun.h">
      <Filter>char_sql</Filter>
    </ClInclude>
    <ClInclude Include="..\src\char_sql\int_mail.h">
      <Filter>char_sql</Filter>
    </ClInclude>
    <ClInclude Include="..\src\char_sql\int_mercenary.h">
      <Filter>char_sql</Filter>
    </ClInclude>
    <ClInclude Include="..\src\char_sql\int_party.h">
      <Filter>char_sql</Filter>
    </ClInclude>
    <ClInclude Include="..\src\char_sql\int_pet.h">
      <Filter>char_sql</Filter>
    </ClInclude>
    <ClInclude Include="..\src\char_sql\int_quest.h">
      <Filter>char_sql</Filter>
    </ClInclude>
    <ClInclude Include="..\src\char_sql\int_storage.h">
      <Filter>char_sql</Filter>
    </ClInclude>
  </ItemGroup>
  <ItemGroup>
    <Filter Include="common">
      <UniqueIdentifier>{623f21b1-c166-4848-83d8-8b4fe0e2e2df}</UniqueIdentifier>
    </Filter>
    <Filter Include="char_sql">
      <UniqueIdentifier>{83b1ecf5-21d1-4dac-915f-95ff77a90899}</UniqueIdentifier>
    </Filter>
    <Filter Include="3rdparty">
      <UniqueIdentifier>{b3f5c857-79c0-4a55-b8c5-7e7f56a8f948}</UniqueIdentifier>
    </Filter>
  </ItemGroup>
</Project>