<?xml version="1.0" encoding="utf-8"?>
<Project ToolsVersion="4.0" xmlns="http://schemas.microsoft.com/developer/msbuild/2003">
  <ItemGroup>
    <ClCompile Include="..\3rdparty\mt19937ar\mt19937ar.c">
      <Filter>3rdparty</Filter>
    </ClCompile>
    <ClCompile Include="..\src\common\core.c">
      <Filter>common</Filter>
    </ClCompile>
    <ClCompile Include="..\src\common\db.c">
      <Filter>common</Filter>
    </ClCompile>
    <ClCompile Include="..\src\common\ers.c">
      <Filter>common</Filter>
    </ClCompile>
    <ClCompile Include="..\src\common\utils.c">
      <Filter>common</Filter>
    </ClCompile>
    <ClCompile Include="..\src\common\timer.c">
      <Filter>common</Filter>
    </ClCompile>
    <ClCompile Include="..\src\common\strlib.c">
      <Filter>common</Filter>
    </ClCompile>
    <ClCompile Include="..\src\common\socket.c">
      <Filter>common</Filter>
    </ClCompile>
    <ClCompile Include="..\src\common\showmsg.c">
      <Filter>common</Filter>
    </ClCompile>
    <ClCompile Include="..\src\common\random.c">
      <Filter>common</Filter>
    </ClCompile>
    <ClCompile Include="..\src\common\plugins.c">
      <Filter>common</Filter>
    </ClCompile>
    <ClCompile Include="..\src\common\nullpo.c">
      <Filter>common</Filter>
    </ClCompile>
    <ClCompile Include="..\src\common\mapindex.c">
      <Filter>common</Filter>
    </ClCompile>
    <ClCompile Include="..\src\common\malloc.c">
      <Filter>common</Filter>
    </ClCompile>
    <ClCompile Include="..\src\common\lock.c">
      <Filter>common</Filter>
    </ClCompile>
    <ClCompile Include="..\src\char\char.c">
      <Filter>char_txt</Filter>
    </ClCompile>
    <ClCompile Include="..\src\char\int_guild.c">
      <Filter>char_txt</Filter>
    </ClCompile>
    <ClCompile Include="..\src\char\int_homun.c">
      <Filter>char_txt</Filter>
    </ClCompile>
    <ClCompile Include="..\src\char\int_party.c">
      <Filter>char_txt</Filter>
    </ClCompile>
    <ClCompile Include="..\src\char\int_pet.c">
      <Filter>char_txt</Filter>
    </ClCompile>
    <ClCompile Include="..\src\char\int_status.c">
      <Filter>char_txt</Filter>
    </ClCompile>
    <ClCompile Include="..\src\char\int_storage.c">
      <Filter>char_txt</Filter>
    </ClCompile>
    <ClCompile Include="..\src\char\inter.c">
      <Filter>char_txt</Filter>
    </ClCompile>
  </ItemGroup>
  <ItemGroup>
    <ClInclude Include="..\3rdparty\mt19937ar\mt19937ar.h">
      <Filter>3rdparty</Filter>
    </ClInclude>
    <ClInclude Include="..\src\common\cbasetypes.h">
      <Filter>common</Filter>
    </ClInclude>
    <ClInclude Include="..\src\common\core.h">
      <Filter>common</Filter>
    </ClInclude>
    <ClInclude Include="..\src\common\db.h">
      <Filter>common</Filter>
    </ClInclude>
    <ClInclude Include="..\src\common\ers.h">
      <Filter>common</Filter>
    </ClInclude>
    <ClInclude Include="..\src\common\version.h">
      <Filter>common</Filter>
    </ClInclude>
    <ClInclude Include="..\src\common\utils.h">
      <Filter>common</Filter>
    </ClInclude>
    <ClInclude Include="..\src\common\timer.h">
      <Filter>common</Filter>
    </ClInclude>
    <ClInclude Include="..\src\common\strlib.h">
      <Filter>common</Filter>
    </ClInclude>
    <ClInclude Include="..\src\common\socket.h">
      <Filter>common</Filter>
    </ClInclude>
    <ClInclude Include="..\src\common\showmsg.h">
      <Filter>common</Filter>
    </ClInclude>
    <ClInclude Include="..\src\common\random.h">
      <Filter>common</Filter>
    </ClInclude>
    <ClInclude Include="..\src\common\plugins.h">
      <Filter>common</Filter>
    </ClInclude>
    <ClInclude Include="..\src\common\plugin.h">
      <Filter>common</Filter>
    </ClInclude>
    <ClInclude Include="..\src\common\nullpo.h">
      <Filter>common</Filter>
    </ClInclude>
    <ClInclude Include="..\src\common\mmo.h">
      <Filter>common</Filter>
    </ClInclude>
    <ClInclude Include="..\src\common\mapindex.h">
      <Filter>common</Filter>
    </ClInclude>
    <ClInclude Include="..\src\common\malloc.h">
      <Filter>common</Filter>
    </ClInclude>
    <ClInclude Include="..\src\common\lock.h">
      <Filter>common</Filter>
    </ClInclude>
    <ClInclude Include="..\src\char\inter.h">
      <Filter>char_txt</Filter>
    </ClInclude>
    <ClInclude Include="..\src\char\char.h">
      <Filter>char_txt</Filter>
    </ClInclude>
    <ClInclude Include="..\src\char\int_guild.h">
      <Filter>char_txt</Filter>
    </ClInclude>
    <ClInclude Include="..\src\char\int_homun.h">
      <Filter>char_txt</Filter>
    </ClInclude>
    <ClInclude Include="..\src\char\int_party.h">
      <Filter>char_txt</Filter>
    </ClInclude>
    <ClInclude Include="..\src\char\int_pet.h">
      <Filter>char_txt</Filter>
    </ClInclude>
    <ClInclude Include="..\src\char\int_status.h">
      <Filter>char_txt</Filter>
    </ClInclude>
    <ClInclude Include="..\src\char\int_storage.h">
      <Filter>char_txt</Filter>
    </ClInclude>
  </ItemGroup>
  <ItemGroup>
    <Filter Include="common">
      <UniqueIdentifier>{3426d3df-b8f8-421a-9ecf-5929f527ebcd}</UniqueIdentifier>
    </Filter>
    <Filter Include="char_txt">
      <UniqueIdentifier>{ecf20235-c0df-43f9-a4c0-f2f992b3330f}</UniqueIdentifier>
    </Filter>
    <Filter Include="3rdparty">
      <UniqueIdentifier>{36b5e281-2a86-4c66-bc78-f56c54f0b3c2}</UniqueIdentifier>
    </Filter>
  </ItemGroup>
</Project>