<?xml version="1.0" encoding="utf-8"?>
<Project ToolsVersion="4.0" xmlns="http://schemas.microsoft.com/developer/msbuild/2003">
  <ItemGroup>
    <Filter Include="Source Files">
      <UniqueIdentifier>{4FC737F1-C7A5-4376-A066-2A32D752A2FF}</UniqueIdentifier>
      <Extensions>cpp;c;cc;cxx;def;odl;idl;hpj;bat;asm;asmx</Extensions>
    </Filter>
    <Filter Include="Header Files">
      <UniqueIdentifier>{93995380-89BD-4b04-88EB-625FBE52EBFB}</UniqueIdentifier>
      <Extensions>h;hh;hpp;hxx;hm;inl;inc;xsd</Extensions>
    </Filter>
  </ItemGroup>
  <ItemGroup>
    <ClInclude Include="achievement.hpp">
      <Filter>Header Files</Filter>
    </ClInclude>
    <ClInclude Include="atcommand.hpp">
      <Filter>Header Files</Filter>
    </ClInclude>
    <ClInclude Include="battle.hpp">
      <Filter>Header Files</Filter>
    </ClInclude>
    <ClInclude Include="battleground.hpp">
      <Filter>Header Files</Filter>
    </ClInclude>
    <ClInclude Include="buyingstore.hpp">
      <Filter>Header Files</Filter>
    </ClInclude>
    <ClInclude Include="cashshop.hpp">
      <Filter>Header Files</Filter>
    </ClInclude>
    <ClInclude Include="channel.hpp">
      <Filter>Header Files</Filter>
    </ClInclude>
    <ClInclude Include="chat.hpp">
      <Filter>Header Files</Filter>
    </ClInclude>
    <ClInclude Include="chrif.hpp">
      <Filter>Header Files</Filter>
    </ClInclude>
    <ClInclude Include="clan.hpp">
      <Filter>Header Files</Filter>
    </ClInclude>
    <ClInclude Include="clif.hpp">
      <Filter>Header Files</Filter>
    </ClInclude>
    <ClInclude Include="clif_obfuscation.hpp">
      <Filter>Header Files</Filter>
    </ClInclude>
    <ClInclude Include="clif_packetdb.hpp">
      <Filter>Header Files</Filter>
    </ClInclude>
    <ClInclude Include="clif_shuffle.hpp">
      <Filter>Header Files</Filter>
    </ClInclude>
    <ClInclude Include="date.hpp">
      <Filter>Header Files</Filter>
    </ClInclude>
    <ClInclude Include="duel.hpp">
      <Filter>Header Files</Filter>
    </ClInclude>
    <ClInclude Include="elemental.hpp">
      <Filter>Header Files</Filter>
    </ClInclude>
    <ClInclude Include="guild.hpp">
      <Filter>Header Files</Filter>
    </ClInclude>
    <ClInclude Include="homunculus.hpp">
      <Filter>Header Files</Filter>
    </ClInclude>
    <ClInclude Include="instance.hpp">
      <Filter>Header Files</Filter>
    </ClInclude>
    <ClInclude Include="intif.hpp">
      <Filter>Header Files</Filter>
    </ClInclude>
    <ClInclude Include="itemdb.hpp">
      <Filter>Header Files</Filter>
    </ClInclude>
    <ClInclude Include="log.hpp">
      <Filter>Header Files</Filter>
    </ClInclude>
    <ClInclude Include="mail.hpp">
      <Filter>Header Files</Filter>
    </ClInclude>
    <ClInclude Include="map.hpp">
      <Filter>Header Files</Filter>
    </ClInclude>
    <ClInclude Include="mapreg.hpp">
      <Filter>Header Files</Filter>
    </ClInclude>
    <ClInclude Include="mercenary.hpp">
      <Filter>Header Files</Filter>
    </ClInclude>
    <ClInclude Include="mob.hpp">
      <Filter>Header Files</Filter>
    </ClInclude>
    <ClInclude Include="npc.hpp">
      <Filter>Header Files</Filter>
    </ClInclude>
    <ClInclude Include="party.hpp">
      <Filter>Header Files</Filter>
    </ClInclude>
    <ClInclude Include="path.hpp">
      <Filter>Header Files</Filter>
    </ClInclude>
    <ClInclude Include="pc.hpp">
      <Filter>Header Files</Filter>
    </ClInclude>
    <ClInclude Include="pc_groups.hpp">
      <Filter>Header Files</Filter>
    </ClInclude>
    <ClInclude Include="pet.hpp">
      <Filter>Header Files</Filter>
    </ClInclude>
    <ClInclude Include="quest.hpp">
      <Filter>Header Files</Filter>
    </ClInclude>
    <ClInclude Include="script.hpp">
      <Filter>Header Files</Filter>
    </ClInclude>
    <ClInclude Include="script_constants.hpp">
      <Filter>Header Files</Filter>
    </ClInclude>
    <ClInclude Include="searchstore.hpp">
      <Filter>Header Files</Filter>
    </ClInclude>
    <ClInclude Include="skill.hpp">
      <Filter>Header Files</Filter>
    </ClInclude>
    <ClInclude Include="status.hpp">
      <Filter>Header Files</Filter>
    </ClInclude>
    <ClInclude Include="storage.hpp">
      <Filter>Header Files</Filter>
    </ClInclude>
    <ClInclude Include="trade.hpp">
      <Filter>Header Files</Filter>
    </ClInclude>
    <ClInclude Include="unit.hpp">
      <Filter>Header Files</Filter>
    </ClInclude>
    <ClInclude Include="vending.hpp">
      <Filter>Header Files</Filter>
    </ClInclude>
  </ItemGroup>
  <ItemGroup>
    <ClCompile Include="achievement.cpp">
      <Filter>Source Files</Filter>
    </ClCompile>
    <ClCompile Include="atcommand.cpp">
      <Filter>Source Files</Filter>
    </ClCompile>
    <ClCompile Include="battle.cpp">
      <Filter>Source Files</Filter>
    </ClCompile>
    <ClCompile Include="battleground.cpp">
      <Filter>Source Files</Filter>
    </ClCompile>
    <ClCompile Include="buyingstore.cpp">
      <Filter>Source Files</Filter>
    </ClCompile>
    <ClCompile Include="cashshop.cpp">
      <Filter>Source Files</Filter>
    </ClCompile>
    <ClCompile Include="channel.cpp">
      <Filter>Source Files</Filter>
    </ClCompile>
    <ClCompile Include="chat.cpp">
      <Filter>Source Files</Filter>
    </ClCompile>
    <ClCompile Include="chrif.cpp">
      <Filter>Source Files</Filter>
    </ClCompile>
    <ClCompile Include="clan.cpp">
      <Filter>Source Files</Filter>
    </ClCompile>
    <ClCompile Include="clif.cpp">
      <Filter>Source Files</Filter>
    </ClCompile>
    <ClCompile Include="date.cpp">
      <Filter>Source Files</Filter>
    </ClCompile>
    <ClCompile Include="duel.cpp">
      <Filter>Source Files</Filter>
    </ClCompile>
    <ClCompile Include="elemental.cpp">
      <Filter>Source Files</Filter>
    </ClCompile>
    <ClCompile Include="guild.cpp">
      <Filter>Source Files</Filter>
    </ClCompile>
    <ClCompile Include="homunculus.cpp">
      <Filter>Source Files</Filter>
    </ClCompile>
    <ClCompile Include="instance.cpp">
      <Filter>Source Files</Filter>
    </ClCompile>
    <ClCompile Include="intif.cpp">
      <Filter>Source Files</Filter>
    </ClCompile>
    <ClCompile Include="itemdb.cpp">
      <Filter>Source Files</Filter>
    </ClCompile>
    <ClCompile Include="log.cpp">
      <Filter>Source Files</Filter>
    </ClCompile>
    <ClCompile Include="mail.cpp">
      <Filter>Source Files</Filter>
    </ClCompile>
    <ClCompile Include="map.cpp">
      <Filter>Source Files</Filter>
    </ClCompile>
    <ClCompile Include="mapreg.cpp">
      <Filter>Source Files</Filter>
    </ClCompile>
    <ClCompile Include="mercenary.cpp">
      <Filter>Source Files</Filter>
    </ClCompile>
    <ClCompile Include="mob.cpp">
      <Filter>Source Files</Filter>
    </ClCompile>
    <ClCompile Include="npc.cpp">
      <Filter>Source Files</Filter>
    </ClCompile>
    <ClCompile Include="npc_chat.cpp">
      <Filter>Source Files</Filter>
    </ClCompile>
    <ClCompile Include="party.cpp">
      <Filter>Source Files</Filter>
    </ClCompile>
    <ClCompile Include="path.cpp">
      <Filter>Source Files</Filter>
    </ClCompile>
    <ClCompile Include="pc.cpp">
      <Filter>Source Files</Filter>
    </ClCompile>
    <ClCompile Include="pc_groups.cpp">
      <Filter>Source Files</Filter>
    </ClCompile>
    <ClCompile Include="pet.cpp">
      <Filter>Source Files</Filter>
    </ClCompile>
    <ClCompile Include="quest.cpp">
      <Filter>Source Files</Filter>
    </ClCompile>
    <ClCompile Include="script.cpp">
      <Filter>Source Files</Filter>
    </ClCompile>
    <ClCompile Include="searchstore.cpp">
      <Filter>Source Files</Filter>
    </ClCompile>
    <ClCompile Include="skill.cpp">
      <Filter>Source Files</Filter>
    </ClCompile>
    <ClCompile Include="status.cpp">
      <Filter>Source Files</Filter>
    </ClCompile>
    <ClCompile Include="storage.cpp">
      <Filter>Source Files</Filter>
    </ClCompile>
    <ClCompile Include="trade.cpp">
      <Filter>Source Files</Filter>
    </ClCompile>
    <ClCompile Include="unit.cpp">
      <Filter>Source Files</Filter>
    </ClCompile>
    <ClCompile Include="vending.cpp">
      <Filter>Source Files</Filter>
    </ClCompile>
  </ItemGroup>
</Project>
