<?xml version="1.0" encoding="utf-8"?>
<Project ToolsVersion="4.0" xmlns="http://schemas.microsoft.com/developer/msbuild/2003">
  <ItemGroup>
    <Filter Include="Source Files">
      <UniqueIdentifier>{4FC737F1-C7A5-4376-A066-2A32D752A2FF}</UniqueIdentifier>
      <Extensions>cpp;c;cc;cxx;def;odl;idl;hpj;bat;asm;asmx</Extensions>
    </Filter>
    <Filter Include="Source Files\Skills">
      <UniqueIdentifier>{8849eb34-b7f7-4023-ad0e-44db8c718e56}</UniqueIdentifier>
    </Filter>
    <Filter Include="Source Files\Skills\Acolyte">
      <UniqueIdentifier>{402d7219-d595-4316-978c-27474817efa5}</UniqueIdentifier>
    </Filter>
    <Filter Include="Source Files\Skills\Archer">
      <UniqueIdentifier>{7ae0b4f4-b535-4f44-b925-f503e8c33a0a}</UniqueIdentifier>
    </Filter>
    <Filter Include="Source Files\Skills\Custom">
      <UniqueIdentifier>{607a6bff-94f6-4e8c-bc7a-2189dfd4c1ab}</UniqueIdentifier>
    </Filter>
    <Filter Include="Source Files\Skills\Gunslinger">
      <UniqueIdentifier>{129a9804-44ab-4d14-b769-ca170935d84e}</UniqueIdentifier>
    </Filter>
    <Filter Include="Source Files\Skills\Mage">
      <UniqueIdentifier>{3612b198-b428-4041-870d-c0e3aec08184}</UniqueIdentifier>
    </Filter>
    <Filter Include="Source Files\Skills\Mercenary">
      <UniqueIdentifier>{ea34154e-db44-4bd1-8f33-db8bcd2a2fb0}</UniqueIdentifier>
    </Filter>
    <Filter Include="Source Files\Skills\Merchant">
      <UniqueIdentifier>{e141d0d5-f146-4214-9ba3-3ef50321c506}</UniqueIdentifier>
    </Filter>
    <Filter Include="Source Files\Skills\Ninja">
      <UniqueIdentifier>{5a04434d-fd05-46d0-894b-7b85f2b2549e}</UniqueIdentifier>
    </Filter>
    <Filter Include="Source Files\Skills\Novice">
      <UniqueIdentifier>{7b445a57-6621-4de5-8ff2-99b06c745cb0}</UniqueIdentifier>
    </Filter>
    <Filter Include="Source Files\Skills\Npc">
      <UniqueIdentifier>{242ebf78-1994-488e-b1aa-d6aa09e48d0d}</UniqueIdentifier>
    </Filter>
    <Filter Include="Source Files\Skills\Summoner">
      <UniqueIdentifier>{1aab87a2-9226-480f-937d-309a89a02358}</UniqueIdentifier>
    </Filter>
    <Filter Include="Source Files\Skills\Swordman">
      <UniqueIdentifier>{ec4cace4-35e2-4269-b6e5-8a22cb4e317e}</UniqueIdentifier>
    </Filter>
    <Filter Include="Source Files\Skills\Taekwon">
      <UniqueIdentifier>{f2a8b9c1-1234-5678-9abc-def012345678}</UniqueIdentifier>
    </Filter>
    <Filter Include="Source Files\Skills\Thief">
      <UniqueIdentifier>{ec1cd5d4-9622-4bfa-a4ca-0f5e8e0a3952}</UniqueIdentifier>
    </Filter>
    <Filter Include="Header Files">
      <UniqueIdentifier>{93995380-89BD-4b04-88EB-625FBE52EBFB}</UniqueIdentifier>
      <Extensions>h;hh;hpp;hxx;hm;inl;inc;xsd</Extensions>
    </Filter>
    <Filter Include="Header Files\Skills">
      <UniqueIdentifier>{09f35c48-a96f-4e32-a5fc-19ca82a6b44f}</UniqueIdentifier>
    </Filter>
    <Filter Include="Header Files\Skills\Acolyte">
      <UniqueIdentifier>{7800fb8f-e54f-4877-8972-cecac396737b}</UniqueIdentifier>
    </Filter>
    <Filter Include="Header Files\Skills\Archer">
      <UniqueIdentifier>{04327150-e9d3-4847-a575-c81b9ee0e11c}</UniqueIdentifier>
    </Filter>
    <Filter Include="Header Files\Skills\Custom">
      <UniqueIdentifier>{38c2586b-7a8c-4f30-92aa-f53fc17ee519}</UniqueIdentifier>
    </Filter>
    <Filter Include="Header Files\Skills\Gunslinger">
      <UniqueIdentifier>{8ff19f85-a0c3-4705-a6e3-3aa79f9b3b5a}</UniqueIdentifier>
    </Filter>
    <Filter Include="Header Files\Skills\Mage">
      <UniqueIdentifier>{52aa6b4e-d378-48b4-86e5-c2ae706afb8b}</UniqueIdentifier>
    </Filter>
    <Filter Include="Header Files\Skills\Mercenary">
      <UniqueIdentifier>{773b3079-684c-4af8-8e4b-5297efb2690a}</UniqueIdentifier>
    </Filter>
    <Filter Include="Header Files\Skills\Merchant">
      <UniqueIdentifier>{1f8c1cef-ee5a-4866-94ef-6e475485a526}</UniqueIdentifier>
    </Filter>
    <Filter Include="Header Files\Skills\Ninja">
      <UniqueIdentifier>{3e870328-462a-44c5-ad69-8e081cf34cd9}</UniqueIdentifier>
    </Filter>
    <Filter Include="Header Files\Skills\Novice">
      <UniqueIdentifier>{3a033f23-439b-45c2-8d2e-748334bedf07}</UniqueIdentifier>
    </Filter>
    <Filter Include="Header Files\Skills\Npc">
      <UniqueIdentifier>{18eed79b-2523-4ca0-ba97-a3f2c27d9efe}</UniqueIdentifier>
    </Filter>
    <Filter Include="Header Files\Skills\Summoner">
      <UniqueIdentifier>{021a5c3f-56ab-45a9-a02a-f4e73e582bdc}</UniqueIdentifier>
    </Filter>
    <Filter Include="Header Files\Skills\Swordman">
      <UniqueIdentifier>{86666c04-bad9-43da-9f31-aefe3dcf13f5}</UniqueIdentifier>
    </Filter>
    <Filter Include="Header Files\Skills\Taekwon">
      <UniqueIdentifier>{a1b2c3d4-e5f6-7890-abcd-ef1234567890}</UniqueIdentifier>
    </Filter>
    <Filter Include="Header Files\Skills\Thief">
      <UniqueIdentifier>{75ea360f-fa15-4ce6-8b57-ecd1d5ad1bd0}</UniqueIdentifier>
    </Filter>
  </ItemGroup>
  <ItemGroup>
    <ClInclude Include="achievement.hpp">
      <Filter>Header Files</Filter>
    </ClInclude>
    <ClInclude Include="atcommand.hpp">
      <Filter>Header Files</Filter>
    </ClInclude>
    <ClInclude Include="battle.hpp">
      <Filter>Header Files</Filter>
    </ClInclude>
    <ClInclude Include="battleground.hpp">
      <Filter>Header Files</Filter>
    </ClInclude>
    <ClInclude Include="buyingstore.hpp">
      <Filter>Header Files</Filter>
    </ClInclude>
    <ClInclude Include="cashshop.hpp">
      <Filter>Header Files</Filter>
    </ClInclude>
    <ClInclude Include="channel.hpp">
      <Filter>Header Files</Filter>
    </ClInclude>
    <ClInclude Include="chat.hpp">
      <Filter>Header Files</Filter>
    </ClInclude>
    <ClInclude Include="chrif.hpp">
      <Filter>Header Files</Filter>
    </ClInclude>
    <ClInclude Include="clan.hpp">
      <Filter>Header Files</Filter>
    </ClInclude>
    <ClInclude Include="clif.hpp">
      <Filter>Header Files</Filter>
    </ClInclude>
    <ClInclude Include="clif_obfuscation.hpp">
      <Filter>Header Files</Filter>
    </ClInclude>
    <ClInclude Include="clif_packetdb.hpp">
      <Filter>Header Files</Filter>
    </ClInclude>
    <ClInclude Include="clif_shuffle.hpp">
      <Filter>Header Files</Filter>
    </ClInclude>
    <ClInclude Include="date.hpp">
      <Filter>Header Files</Filter>
    </ClInclude>
    <ClInclude Include="duel.hpp">
      <Filter>Header Files</Filter>
    </ClInclude>
    <ClInclude Include="elemental.hpp">
      <Filter>Header Files</Filter>
    </ClInclude>
    <ClInclude Include="guild.hpp">
      <Filter>Header Files</Filter>
    </ClInclude>
    <ClInclude Include="homunculus.hpp">
      <Filter>Header Files</Filter>
    </ClInclude>
    <ClInclude Include="instance.hpp">
      <Filter>Header Files</Filter>
    </ClInclude>
    <ClInclude Include="intif.hpp">
      <Filter>Header Files</Filter>
    </ClInclude>
    <ClInclude Include="itemdb.hpp">
      <Filter>Header Files</Filter>
    </ClInclude>
    <ClInclude Include="log.hpp">
      <Filter>Header Files</Filter>
    </ClInclude>
    <ClInclude Include="mail.hpp">
      <Filter>Header Files</Filter>
    </ClInclude>
    <ClInclude Include="map.hpp">
      <Filter>Header Files</Filter>
    </ClInclude>
    <ClInclude Include="mapreg.hpp">
      <Filter>Header Files</Filter>
    </ClInclude>
    <ClInclude Include="mercenary.hpp">
      <Filter>Header Files</Filter>
    </ClInclude>
    <ClInclude Include="mob.hpp">
      <Filter>Header Files</Filter>
    </ClInclude>
    <ClInclude Include="navi.hpp">
      <Filter>Header Files</Filter>
    </ClInclude>
    <ClInclude Include="npc.hpp">
      <Filter>Header Files</Filter>
    </ClInclude>
    <ClInclude Include="packets.hpp">
      <Filter>Header Files</Filter>
    </ClInclude>
    <ClInclude Include="packets_struct.hpp">
      <Filter>Header Files</Filter>
    </ClInclude>
    <ClInclude Include="party.hpp">
      <Filter>Header Files</Filter>
    </ClInclude>
    <ClInclude Include="path.hpp">
      <Filter>Header Files</Filter>
    </ClInclude>
    <ClInclude Include="pc.hpp">
      <Filter>Header Files</Filter>
    </ClInclude>
    <ClInclude Include="pc_groups.hpp">
      <Filter>Header Files</Filter>
    </ClInclude>
    <ClInclude Include="pet.hpp">
      <Filter>Header Files</Filter>
    </ClInclude>
    <ClInclude Include="quest.hpp">
      <Filter>Header Files</Filter>
    </ClInclude>
    <ClInclude Include="script.hpp">
      <Filter>Header Files</Filter>
    </ClInclude>
    <ClInclude Include="script_constants.hpp">
      <Filter>Header Files</Filter>
    </ClInclude>
    <ClInclude Include="searchstore.hpp">
      <Filter>Header Files</Filter>
    </ClInclude>
    <ClInclude Include="skill.hpp">
      <Filter>Header Files</Filter>
    </ClInclude>
    <ClInclude Include="status.hpp">
      <Filter>Header Files</Filter>
    </ClInclude>
    <ClInclude Include="storage.hpp">
      <Filter>Header Files</Filter>
    </ClInclude>
    <ClInclude Include="trade.hpp">
      <Filter>Header Files</Filter>
    </ClInclude>
    <ClInclude Include="unit.hpp">
      <Filter>Header Files</Filter>
    </ClInclude>
    <ClInclude Include="vending.hpp">
      <Filter>Header Files</Filter>
    </ClInclude>
  </ItemGroup>
  <ItemGroup>
    <ClCompile Include="achievement.cpp">
      <Filter>Source Files</Filter>
    </ClCompile>
    <ClCompile Include="atcommand.cpp">
      <Filter>Source Files</Filter>
    </ClCompile>
    <ClCompile Include="battle.cpp">
      <Filter>Source Files</Filter>
    </ClCompile>
    <ClCompile Include="battleground.cpp">
      <Filter>Source Files</Filter>
    </ClCompile>
    <ClCompile Include="buyingstore.cpp">
      <Filter>Source Files</Filter>
    </ClCompile>
    <ClCompile Include="cashshop.cpp">
      <Filter>Source Files</Filter>
    </ClCompile>
    <ClCompile Include="channel.cpp">
      <Filter>Source Files</Filter>
    </ClCompile>
    <ClCompile Include="chat.cpp">
      <Filter>Source Files</Filter>
    </ClCompile>
    <ClCompile Include="chrif.cpp">
      <Filter>Source Files</Filter>
    </ClCompile>
    <ClCompile Include="clan.cpp">
      <Filter>Source Files</Filter>
    </ClCompile>
    <ClCompile Include="clif.cpp">
      <Filter>Source Files</Filter>
    </ClCompile>
    <ClCompile Include="date.cpp">
      <Filter>Source Files</Filter>
    </ClCompile>
    <ClCompile Include="duel.cpp">
      <Filter>Source Files</Filter>
    </ClCompile>
    <ClCompile Include="elemental.cpp">
      <Filter>Source Files</Filter>
    </ClCompile>
    <ClCompile Include="guild.cpp">
      <Filter>Source Files</Filter>
    </ClCompile>
    <ClCompile Include="homunculus.cpp">
      <Filter>Source Files</Filter>
    </ClCompile>
    <ClCompile Include="instance.cpp">
      <Filter>Source Files</Filter>
    </ClCompile>
    <ClCompile Include="intif.cpp">
      <Filter>Source Files</Filter>
    </ClCompile>
    <ClCompile Include="itemdb.cpp">
      <Filter>Source Files</Filter>
    </ClCompile>
    <ClCompile Include="log.cpp">
      <Filter>Source Files</Filter>
    </ClCompile>
    <ClCompile Include="mail.cpp">
      <Filter>Source Files</Filter>
    </ClCompile>
    <ClCompile Include="map.cpp">
      <Filter>Source Files</Filter>
    </ClCompile>
    <ClCompile Include="mapreg.cpp">
      <Filter>Source Files</Filter>
    </ClCompile>
    <ClCompile Include="mercenary.cpp">
      <Filter>Source Files</Filter>
    </ClCompile>
    <ClCompile Include="mob.cpp">
      <Filter>Source Files</Filter>
    </ClCompile>
    <ClCompile Include="navi.cpp">
      <Filter>Source Files</Filter>
    </ClCompile>
    <ClCompile Include="npc.cpp">
      <Filter>Source Files</Filter>
    </ClCompile>
    <ClCompile Include="npc_chat.cpp">
      <Filter>Source Files</Filter>
    </ClCompile>
    <ClCompile Include="party.cpp">
      <Filter>Source Files</Filter>
    </ClCompile>
    <ClCompile Include="path.cpp">
      <Filter>Source Files</Filter>
    </ClCompile>
    <ClCompile Include="pc.cpp">
      <Filter>Source Files</Filter>
    </ClCompile>
    <ClCompile Include="pc_groups.cpp">
      <Filter>Source Files</Filter>
    </ClCompile>
    <ClCompile Include="pet.cpp">
      <Filter>Source Files</Filter>
    </ClCompile>
    <ClCompile Include="quest.cpp">
      <Filter>Source Files</Filter>
    </ClCompile>
    <ClCompile Include="script.cpp">
      <Filter>Source Files</Filter>
    </ClCompile>
    <ClCompile Include="searchstore.cpp">
      <Filter>Source Files</Filter>
    </ClCompile>
    <ClCompile Include="skill.cpp">
      <Filter>Source Files</Filter>
    </ClCompile>
    <ClCompile Include="status.cpp">
      <Filter>Source Files</Filter>
    </ClCompile>
    <ClCompile Include="storage.cpp">
      <Filter>Source Files</Filter>
    </ClCompile>
    <ClCompile Include="trade.cpp">
      <Filter>Source Files</Filter>
    </ClCompile>
    <ClCompile Include="unit.cpp">
      <Filter>Source Files</Filter>
    </ClCompile>
    <ClCompile Include="vending.cpp">
      <Filter>Source Files</Filter>
    </ClCompile>
  </ItemGroup>
  <ItemGroup>
    <ClInclude Include="skills/acolyte/angelus.hpp">
      <Filter>Header Files\Skills\Acolyte</Filter>
    </ClInclude>
    <ClInclude Include="skills/acolyte/aspersio.hpp">
      <Filter>Header Files\Skills\Acolyte</Filter>
    </ClInclude>
    <ClInclude Include="skills/acolyte/blessing.hpp">
      <Filter>Header Files\Skills\Acolyte</Filter>
    </ClInclude>
    <ClInclude Include="skills/acolyte/bssacramenti.hpp">
      <Filter>Header Files\Skills\Acolyte</Filter>
    </ClInclude>
    <ClInclude Include="skills/acolyte/crucis.hpp">
      <Filter>Header Files\Skills\Acolyte</Filter>
    </ClInclude>
    <ClInclude Include="skills/acolyte/cure.hpp">
      <Filter>Header Files\Skills\Acolyte</Filter>
    </ClInclude>
    <ClInclude Include="skills/acolyte/decagi.hpp">
      <Filter>Header Files\Skills\Acolyte</Filter>
    </ClInclude>
    <ClInclude Include="skills/acolyte/gloria.hpp">
      <Filter>Header Files\Skills\Acolyte</Filter>
    </ClInclude>
    <ClInclude Include="skills/acolyte/heal.hpp">
      <Filter>Header Files\Skills\Acolyte</Filter>
    </ClInclude>
    <ClInclude Include="skills/acolyte/holylight.hpp">
      <Filter>Header Files\Skills\Acolyte</Filter>
    </ClInclude>
    <ClInclude Include="skills/acolyte/holywater.hpp">
      <Filter>Header Files\Skills\Acolyte</Filter>
    </ClInclude>
    <ClInclude Include="skills/acolyte/impositiomanus.hpp">
      <Filter>Header Files\Skills\Acolyte</Filter>
    </ClInclude>
    <ClInclude Include="skills/acolyte/incagi.hpp">
      <Filter>Header Files\Skills\Acolyte</Filter>
    </ClInclude>
    <ClInclude Include="skills/acolyte/kyrieeleison.hpp">
      <Filter>Header Files\Skills\Acolyte</Filter>
    </ClInclude>
    <ClInclude Include="skills/acolyte/lexdivina.hpp">
      <Filter>Header Files\Skills\Acolyte</Filter>
    </ClInclude>
    <ClInclude Include="skills/acolyte/magnificat.hpp">
      <Filter>Header Files\Skills\Acolyte</Filter>
    </ClInclude>
    <ClInclude Include="skills/acolyte/magnusexorcismus.hpp">
      <Filter>Header Files\Skills\Acolyte</Filter>
    </ClInclude>
    <ClInclude Include="skills/acolyte/pneuma.hpp">
      <Filter>Header Files\Skills\Acolyte</Filter>
    </ClInclude>
    <ClInclude Include="skills/acolyte/ruwach.hpp">
      <Filter>Header Files\Skills\Acolyte</Filter>
    </ClInclude>
    <ClInclude Include="skills/acolyte/sanctuary.hpp">
      <Filter>Header Files\Skills\Acolyte</Filter>
    </ClInclude>
    <ClInclude Include="skills/acolyte/skill_factory_acolyte.hpp">
      <Filter>Header Files\Skills\Acolyte</Filter>
    </ClInclude>
    <ClInclude Include="skills/acolyte/statusrecovery.hpp">
      <Filter>Header Files\Skills\Acolyte</Filter>
    </ClInclude>
    <ClInclude Include="skills/acolyte/suffragium.hpp">
      <Filter>Header Files\Skills\Acolyte</Filter>
    </ClInclude>
    <ClInclude Include="skills/acolyte/turnundead.hpp">
      <Filter>Header Files\Skills\Acolyte</Filter>
    </ClInclude>
    <ClInclude Include="skills/archer/aimedbolt.hpp">
      <Filter>Header Files\Skills\Archer</Filter>
    </ClInclude>
    <ClInclude Include="skills/archer/anklesnare.hpp">
      <Filter>Header Files\Skills\Archer</Filter>
    </ClInclude>
    <ClInclude Include="skills/archer/arrowshower.hpp">
      <Filter>Header Files\Skills\Archer</Filter>
    </ClInclude>
    <ClInclude Include="skills/archer/arrowstorm.hpp">
      <Filter>Header Files\Skills\Archer</Filter>
    </ClInclude>
    <ClInclude Include="skills/archer/beaststrafing.hpp">
      <Filter>Header Files\Skills\Archer</Filter>
    </ClInclude>
    <ClInclude Include="skills/archer/blastmine.hpp">
      <Filter>Header Files\Skills\Archer</Filter>
    </ClInclude>
    <ClInclude Include="skills/archer/blitzbeat.hpp">
      <Filter>Header Files\Skills\Archer</Filter>
    </ClInclude>
    <ClInclude Include="skills/archer/camouflage.hpp">
      <Filter>Header Files\Skills\Archer</Filter>
    </ClInclude>
    <ClInclude Include="skills/archer/chargearrow.hpp">
      <Filter>Header Files\Skills\Archer</Filter>
    </ClInclude>
    <ClInclude Include="skills/archer/claymoretrap.hpp">
      <Filter>Header Files\Skills\Archer</Filter>
    </ClInclude>
    <ClInclude Include="skills/archer/clusterbomb.hpp">
      <Filter>Header Files\Skills\Archer</Filter>
    </ClInclude>
    <ClInclude Include="skills/archer/cobalttrap.hpp">
      <Filter>Header Files\Skills\Archer</Filter>
    </ClInclude>
    <ClInclude Include="skills/archer/concentration.hpp">
      <Filter>Header Files\Skills\Archer</Filter>
    </ClInclude>
    <ClInclude Include="skills/archer/crescivebolt.hpp">
      <Filter>Header Files\Skills\Archer</Filter>
    </ClInclude>
    <ClInclude Include="skills/archer/deepblindtrap.hpp">
      <Filter>Header Files\Skills\Archer</Filter>
    </ClInclude>
    <ClInclude Include="skills/archer/detect.hpp">
      <Filter>Header Files\Skills\Archer</Filter>
    </ClInclude>
    <ClInclude Include="skills/archer/detonator.hpp">
      <Filter>Header Files\Skills\Archer</Filter>
    </ClInclude>
    <ClInclude Include="skills/archer/doublestrafe.hpp">
      <Filter>Header Files\Skills\Archer</Filter>
    </ClInclude>
    <ClInclude Include="skills/archer/electricshocker.hpp">
      <Filter>Header Files\Skills\Archer</Filter>
    </ClInclude>
    <ClInclude Include="skills/archer/falconassault.hpp">
      <Filter>Header Files\Skills\Archer</Filter>
    </ClInclude>
    <ClInclude Include="skills/archer/fearbreeze.hpp">
      <Filter>Header Files\Skills\Archer</Filter>
    </ClInclude>
    <ClInclude Include="skills/archer/firingtrap.hpp">
      <Filter>Header Files\Skills\Archer</Filter>
    </ClInclude>
    <ClInclude Include="skills/archer/flametrap.hpp">
      <Filter>Header Files\Skills\Archer</Filter>
    </ClInclude>
    <ClInclude Include="skills/archer/flasher.hpp">
      <Filter>Header Files\Skills\Archer</Filter>
    </ClInclude>
    <ClInclude Include="skills/archer/focusedarrowstrike.hpp">
      <Filter>Header Files\Skills\Archer</Filter>
    </ClInclude>
    <ClInclude Include="skills/archer/freezingtrap.hpp">
      <Filter>Header Files\Skills\Archer</Filter>
    </ClInclude>
    <ClInclude Include="skills/archer/galestorm.hpp">
      <Filter>Header Files\Skills\Archer</Filter>
    </ClInclude>
    <ClInclude Include="skills/archer/hawkboomerang.hpp">
      <Filter>Header Files\Skills\Archer</Filter>
    </ClInclude>
    <ClInclude Include="skills/archer/hawkmastery.hpp">
      <Filter>Header Files\Skills\Archer</Filter>
    </ClInclude>
    <ClInclude Include="skills/archer/hawkrush.hpp">
      <Filter>Header Files\Skills\Archer</Filter>
    </ClInclude>
    <ClInclude Include="skills/archer/iceboundtrap.hpp">
      <Filter>Header Files\Skills\Archer</Filter>
    </ClInclude>
    <ClInclude Include="skills/archer/landmine.hpp">
      <Filter>Header Files\Skills\Archer</Filter>
    </ClInclude>
    <ClInclude Include="skills/archer/magentatrap.hpp">
      <Filter>Header Files\Skills\Archer</Filter>
    </ClInclude>
    <ClInclude Include="skills/archer/maizetrap.hpp">
      <Filter>Header Files\Skills\Archer</Filter>
    </ClInclude>
    <ClInclude Include="skills/archer/makingarrow.hpp">
      <Filter>Header Files\Skills\Archer</Filter>
    </ClInclude>
    <ClInclude Include="skills/archer/phantasmicarrow.hpp">
      <Filter>Header Files\Skills\Archer</Filter>
    </ClInclude>
    <ClInclude Include="skills/archer/removetrap.hpp">
      <Filter>Header Files\Skills\Archer</Filter>
    </ClInclude>
    <ClInclude Include="skills/archer/sandman.hpp">
      <Filter>Header Files\Skills\Archer</Filter>
    </ClInclude>
    <ClInclude Include="skills/archer/sensitivekeen.hpp">
      <Filter>Header Files\Skills\Archer</Filter>
    </ClInclude>
    <ClInclude Include="skills/archer/shockwavetrap.hpp">
      <Filter>Header Files\Skills\Archer</Filter>
    </ClInclude>
    <ClInclude Include="skills/archer/skidtrap.hpp">
      <Filter>Header Files\Skills\Archer</Filter>
    </ClInclude>
    <ClInclude Include="skills/archer/skill_factory_archer.hpp">
      <Filter>Header Files\Skills\Archer</Filter>
    </ClInclude>
    <ClInclude Include="skills/archer/solidtrap.hpp">
      <Filter>Header Files\Skills\Archer</Filter>
    </ClInclude>
    <ClInclude Include="skills/archer/springtrap.hpp">
      <Filter>Header Files\Skills\Archer</Filter>
    </ClInclude>
    <ClInclude Include="skills/archer/swifttrap.hpp">
      <Filter>Header Files\Skills\Archer</Filter>
    </ClInclude>
    <ClInclude Include="skills/archer/talkiebox.hpp">
      <Filter>Header Files\Skills\Archer</Filter>
    </ClInclude>
    <ClInclude Include="skills/archer/verduretrap.hpp">
      <Filter>Header Files\Skills\Archer</Filter>
    </ClInclude>
    <ClInclude Include="skills/archer/wargbite.hpp">
      <Filter>Header Files\Skills\Archer</Filter>
    </ClInclude>
    <ClInclude Include="skills/archer/wargdash.hpp">
      <Filter>Header Files\Skills\Archer</Filter>
    </ClInclude>
    <ClInclude Include="skills/archer/wargmastery.hpp">
      <Filter>Header Files\Skills\Archer</Filter>
    </ClInclude>
    <ClInclude Include="skills/archer/wargrider.hpp">
      <Filter>Header Files\Skills\Archer</Filter>
    </ClInclude>
    <ClInclude Include="skills/archer/wargstrike.hpp">
      <Filter>Header Files\Skills\Archer</Filter>
    </ClInclude>
    <ClInclude Include="skills/archer/wildwalk.hpp">
      <Filter>Header Files\Skills\Archer</Filter>
    </ClInclude>
    <ClInclude Include="skills/archer/windwalker.hpp">
      <Filter>Header Files\Skills\Archer</Filter>
    </ClInclude>
    <ClInclude Include="skills/custom/skill_factory_custom.hpp">
      <Filter>Header Files\Skills\Custom</Filter>
    </ClInclude>
    <ClInclude Include="skills/gunslinger/bullseye.hpp">
      <Filter>Header Files\Skills\Gunslinger</Filter>
    </ClInclude>
    <ClInclude Include="skills/gunslinger/cracker.hpp">
      <Filter>Header Files\Skills\Gunslinger</Filter>
    </ClInclude>
    <ClInclude Include="skills/gunslinger/desperado.hpp">
      <Filter>Header Files\Skills\Gunslinger</Filter>
    </ClInclude>
    <ClInclude Include="skills/gunslinger/disarm.hpp">
      <Filter>Header Files\Skills\Gunslinger</Filter>
    </ClInclude>
    <ClInclude Include="skills/gunslinger/dust.hpp">
      <Filter>Header Files\Skills\Gunslinger</Filter>
    </ClInclude>
    <ClInclude Include="skills/gunslinger/fling.hpp">
      <Filter>Header Files\Skills\Gunslinger</Filter>
    </ClInclude>
    <ClInclude Include="skills/gunslinger/fullbuster.hpp">
      <Filter>Header Files\Skills\Gunslinger</Filter>
    </ClInclude>
    <ClInclude Include="skills/gunslinger/gatlingfever.hpp">
      <Filter>Header Files\Skills\Gunslinger</Filter>
    </ClInclude>
    <ClInclude Include="skills/gunslinger/glittering.hpp">
      <Filter>Header Files\Skills\Gunslinger</Filter>
    </ClInclude>
    <ClInclude Include="skills/gunslinger/grounddrift.hpp">
      <Filter>Header Files\Skills\Gunslinger</Filter>
    </ClInclude>
    <ClInclude Include="skills/gunslinger/piercingshot.hpp">
      <Filter>Header Files\Skills\Gunslinger</Filter>
    </ClInclude>
    <ClInclude Include="skills/gunslinger/rapidshower.hpp">
      <Filter>Header Files\Skills\Gunslinger</Filter>
    </ClInclude>
    <ClInclude Include="skills/gunslinger/skill_factory_gunslinger.hpp">
      <Filter>Header Files\Skills\Gunslinger</Filter>
    </ClInclude>
    <ClInclude Include="skills/gunslinger/spreadattack.hpp">
      <Filter>Header Files\Skills\Gunslinger</Filter>
    </ClInclude>
    <ClInclude Include="skills/gunslinger/tracking.hpp">
      <Filter>Header Files\Skills\Gunslinger</Filter>
    </ClInclude>
    <ClInclude Include="skills/gunslinger/tripleaction.hpp">
      <Filter>Header Files\Skills\Gunslinger</Filter>
    </ClInclude>
    <ClInclude Include="skills/mage/allbloom.hpp">
      <Filter>Header Files\Skills\Mage</Filter>
    </ClInclude>
    <ClInclude Include="skills/mage/astralstrike.hpp">
      <Filter>Header Files\Skills\Mage</Filter>
    </ClInclude>
    <ClInclude Include="skills/mage/coldbolt.hpp">
      <Filter>Header Files\Skills\Mage</Filter>
    </ClInclude>
    <ClInclude Include="skills/mage/crimsonarrow.hpp">
      <Filter>Header Files\Skills\Mage</Filter>
    </ClInclude>
    <ClInclude Include="skills/mage/crystalimpact.hpp">
      <Filter>Header Files\Skills\Mage</Filter>
    </ClInclude>
    <ClInclude Include="skills/mage/deadlyprojection.hpp">
      <Filter>Header Files\Skills\Mage</Filter>
    </ClInclude>
    <ClInclude Include="skills/mage/destructivehurricane.hpp">
      <Filter>Header Files\Skills\Mage</Filter>
    </ClInclude>
    <ClInclude Include="skills/mage/earthspike.hpp">
      <Filter>Header Files\Skills\Mage</Filter>
    </ClInclude>
    <ClInclude Include="skills/mage/energycoat.hpp">
      <Filter>Header Files\Skills\Mage</Filter>
    </ClInclude>
    <ClInclude Include="skills/mage/energyconversion.hpp">
      <Filter>Header Files\Skills\Mage</Filter>
    </ClInclude>
    <ClInclude Include="skills/mage/fireball.hpp">
      <Filter>Header Files\Skills\Mage</Filter>
    </ClInclude>
    <ClInclude Include="skills/mage/firebolt.hpp">
      <Filter>Header Files\Skills\Mage</Filter>
    </ClInclude>
    <ClInclude Include="skills/mage/firepillar.hpp">
      <Filter>Header Files\Skills\Mage</Filter>
    </ClInclude>
    <ClInclude Include="skills/mage/firewall.hpp">
      <Filter>Header Files\Skills\Mage</Filter>
    </ClInclude>
    <ClInclude Include="skills/mage/floralflareroad.hpp">
      <Filter>Header Files\Skills\Mage</Filter>
    </ClInclude>
    <ClInclude Include="skills/mage/frostdiver.hpp">
      <Filter>Header Files\Skills\Mage</Filter>
    </ClInclude>
    <ClInclude Include="skills/mage/frostnova.hpp">
      <Filter>Header Files\Skills\Mage</Filter>
    </ClInclude>
    <ClInclude Include="skills/mage/frozenslash.hpp">
      <Filter>Header Files\Skills\Mage</Filter>
    </ClInclude>
    <ClInclude Include="skills/mage/ganbantein.hpp">
      <Filter>Header Files\Skills\Mage</Filter>
    </ClInclude>
    <ClInclude Include="skills/mage/gravitationfield.hpp">
      <Filter>Header Files\Skills\Mage</Filter>
    </ClInclude>
    <ClInclude Include="skills/mage/heavensdrive.hpp">
      <Filter>Header Files\Skills\Mage</Filter>
    </ClInclude>
    <ClInclude Include="skills/mage/icewall.hpp">
      <Filter>Header Files\Skills\Mage</Filter>
    </ClInclude>
    <ClInclude Include="skills/mage/jupitelthunder.hpp">
      <Filter>Header Files\Skills\Mage</Filter>
    </ClInclude>
    <ClInclude Include="skills/mage/lightningbolt.hpp">
      <Filter>Header Files\Skills\Mage</Filter>
    </ClInclude>
    <ClInclude Include="skills/mage/lordofvermilion.hpp">
      <Filter>Header Files\Skills\Mage</Filter>
    </ClInclude>
    <ClInclude Include="skills/mage/meteorstorm.hpp">
      <Filter>Header Files\Skills\Mage</Filter>
    </ClInclude>
    <ClInclude Include="skills/mage/mysteryillusion.hpp">
      <Filter>Header Files\Skills\Mage</Filter>
    </ClInclude>
    <ClInclude Include="skills/mage/napalmbeat.hpp">
      <Filter>Header Files\Skills\Mage</Filter>
    </ClInclude>
    <ClInclude Include="skills/mage/napalmvulcan.hpp">
      <Filter>Header Files\Skills\Mage</Filter>
    </ClInclude>
    <ClInclude Include="skills/mage/quagmire.hpp">
      <Filter>Header Files\Skills\Mage</Filter>
    </ClInclude>
    <ClInclude Include="skills/mage/rainofcrystal.hpp">
      <Filter>Header Files\Skills\Mage</Filter>
    </ClInclude>
    <ClInclude Include="skills/mage/rockdown.hpp">
      <Filter>Header Files\Skills\Mage</Filter>
    </ClInclude>
    <ClInclude Include="skills/mage/safetywall.hpp">
      <Filter>Header Files\Skills\Mage</Filter>
    </ClInclude>
    <ClInclude Include="skills/mage/sense.hpp">
      <Filter>Header Files\Skills\Mage</Filter>
    </ClInclude>
    <ClInclude Include="skills/mage/sight.hpp">
      <Filter>Header Files\Skills\Mage</Filter>
    </ClInclude>
    <ClInclude Include="skills/mage/sightblaster.hpp">
      <Filter>Header Files\Skills\Mage</Filter>
    </ClInclude>
    <ClInclude Include="skills/mage/sightrasher.hpp">
      <Filter>Header Files\Skills\Mage</Filter>
    </ClInclude>
    <ClInclude Include="skills/mage/skill_factory_mage.hpp">
      <Filter>Header Files\Skills\Mage</Filter>
    </ClInclude>
    <ClInclude Include="skills/mage/soulstrike.hpp">
      <Filter>Header Files\Skills\Mage</Filter>
    </ClInclude>
    <ClInclude Include="skills/mage/soulvulcanstrike.hpp">
      <Filter>Header Files\Skills\Mage</Filter>
    </ClInclude>
    <ClInclude Include="skills/mage/stonecurse.hpp">
      <Filter>Header Files\Skills\Mage</Filter>
    </ClInclude>
    <ClInclude Include="skills/mage/stormcannon.hpp">
      <Filter>Header Files\Skills\Mage</Filter>
    </ClInclude>
    <ClInclude Include="skills/mage/stormgust.hpp">
      <Filter>Header Files\Skills\Mage</Filter>
    </ClInclude>
    <ClInclude Include="skills/mage/strantumtremor.hpp">
      <Filter>Header Files\Skills\Mage</Filter>
    </ClInclude>
    <ClInclude Include="skills/mage/thunderstorm.hpp">
      <Filter>Header Files\Skills\Mage</Filter>
    </ClInclude>
    <ClInclude Include="skills/mage/tornadostorm.hpp">
      <Filter>Header Files\Skills\Mage</Filter>
    </ClInclude>
    <ClInclude Include="skills/mage/violentquake.hpp">
      <Filter>Header Files\Skills\Mage</Filter>
    </ClInclude>
    <ClInclude Include="skills/mage/waterball.hpp">
      <Filter>Header Files\Skills\Mage</Filter>
    </ClInclude>
    <ClInclude Include="skills/mercenary/mercenary_bash.hpp">
      <Filter>Header Files\Skills\Mercenary</Filter>
    </ClInclude>
    <ClInclude Include="skills/mercenary/skill_factory_mercenary.hpp">
      <Filter>Header Files\Skills\Mercenary</Filter>
    </ClInclude>
    <ClInclude Include="skills/merchant/aciddemonstration.hpp">
      <Filter>Header Files\Skills\Merchant</Filter>
    </ClInclude>
    <ClInclude Include="skills/merchant/acidterror.hpp">
      <Filter>Header Files\Skills\Merchant</Filter>
    </ClInclude>
    <ClInclude Include="skills/merchant/adrenalinerush.hpp">
      <Filter>Header Files\Skills\Merchant</Filter>
    </ClInclude>
    <ClInclude Include="skills/merchant/advancedadrenalinerush.hpp">
      <Filter>Header Files\Skills\Merchant</Filter>
    </ClInclude>
    <ClInclude Include="skills/merchant/aidberserkpotion.hpp">
      <Filter>Header Files\Skills\Merchant</Filter>
    </ClInclude>
    <ClInclude Include="skills/merchant/aidcondensedpotion.hpp">
      <Filter>Header Files\Skills\Merchant</Filter>
    </ClInclude>
    <ClInclude Include="skills/merchant/aidpotion.hpp">
      <Filter>Header Files\Skills\Merchant</Filter>
    </ClInclude>
    <ClInclude Include="skills/merchant/alchemicalweapon.hpp">
      <Filter>Header Files\Skills\Merchant</Filter>
    </ClInclude>
    <ClInclude Include="skills/merchant/biochemicalhelm.hpp">
      <Filter>Header Files\Skills\Merchant</Filter>
    </ClInclude>
    <ClInclude Include="skills/merchant/bomb.hpp">
      <Filter>Header Files\Skills\Merchant</Filter>
    </ClInclude>
    <ClInclude Include="skills/merchant/callhomunculus.hpp">
      <Filter>Header Files\Skills\Merchant</Filter>
    </ClInclude>
    <ClInclude Include="skills/merchant/cartrevolution.hpp">
      <Filter>Header Files\Skills\Merchant</Filter>
    </ClInclude>
    <ClInclude Include="skills/merchant/carttermination.hpp">
      <Filter>Header Files\Skills\Merchant</Filter>
    </ClInclude>
    <ClInclude Include="skills/merchant/changecart.hpp">
      <Filter>Header Files\Skills\Merchant</Filter>
    </ClInclude>
    <ClInclude Include="skills/merchant/crazyuproar.hpp">
      <Filter>Header Files\Skills\Merchant</Filter>
    </ClInclude>
    <ClInclude Include="skills/merchant/decoratecart.hpp">
      <Filter>Header Files\Skills\Merchant</Filter>
    </ClInclude>
    <ClInclude Include="skills/merchant/fullprotection.hpp">
      <Filter>Header Files\Skills\Merchant</Filter>
    </ClInclude>
    <ClInclude Include="skills/merchant/greed.hpp">
      <Filter>Header Files\Skills\Merchant</Filter>
    </ClInclude>
    <ClInclude Include="skills/merchant/hammerfall.hpp">
      <Filter>Header Files\Skills\Merchant</Filter>
    </ClInclude>
    <ClInclude Include="skills/merchant/itemappraisal.hpp">
      <Filter>Header Files\Skills\Merchant</Filter>
    </ClInclude>
    <ClInclude Include="skills/merchant/mammonite.hpp">
      <Filter>Header Files\Skills\Merchant</Filter>
    </ClInclude>
    <ClInclude Include="skills/merchant/plantcultivation.hpp">
      <Filter>Header Files\Skills\Merchant</Filter>
    </ClInclude>
    <ClInclude Include="skills/merchant/powerthrust.hpp">
      <Filter>Header Files\Skills\Merchant</Filter>
    </ClInclude>
    <ClInclude Include="skills/merchant/preparepotion.hpp">
      <Filter>Header Files\Skills\Merchant</Filter>
    </ClInclude>
    <ClInclude Include="skills/merchant/skill_factory_merchant.hpp">
      <Filter>Header Files\Skills\Merchant</Filter>
    </ClInclude>
    <ClInclude Include="skills/merchant/skill_vending.hpp">
      <Filter>Header Files\Skills\Merchant</Filter>
    </ClInclude>
    <ClInclude Include="skills/merchant/summonflora.hpp">
      <Filter>Header Files\Skills\Merchant</Filter>
    </ClInclude>
    <ClInclude Include="skills/merchant/summonmarinesphere.hpp">
      <Filter>Header Files\Skills\Merchant</Filter>
    </ClInclude>
    <ClInclude Include="skills/merchant/synthesizedshield.hpp">
      <Filter>Header Files\Skills\Merchant</Filter>
    </ClInclude>
    <ClInclude Include="skills/merchant/syntheticarmor.hpp">
      <Filter>Header Files\Skills\Merchant</Filter>
    </ClInclude>
    <ClInclude Include="skills/merchant/twilightalchemy1.hpp">
      <Filter>Header Files\Skills\Merchant</Filter>
    </ClInclude>
    <ClInclude Include="skills/merchant/twilightalchemy2.hpp">
      <Filter>Header Files\Skills\Merchant</Filter>
    </ClInclude>
    <ClInclude Include="skills/merchant/twilightalchemy3.hpp">
      <Filter>Header Files\Skills\Merchant</Filter>
    </ClInclude>
    <ClInclude Include="skills/merchant/upgradeweapon.hpp">
      <Filter>Header Files\Skills\Merchant</Filter>
    </ClInclude>
    <ClInclude Include="skills/merchant/vaporize.hpp">
      <Filter>Header Files\Skills\Merchant</Filter>
    </ClInclude>
    <ClInclude Include="skills/merchant/weaponperfection.hpp">
      <Filter>Header Files\Skills\Merchant</Filter>
    </ClInclude>
    <ClInclude Include="skills/merchant/weaponrepair.hpp">
      <Filter>Header Files\Skills\Merchant</Filter>
    </ClInclude>
    <ClInclude Include="skills/ninja/skill_factory_ninja.hpp">
      <Filter>Header Files\Skills\Ninja</Filter>
    </ClInclude>
    <ClInclude Include="skills/novice/doublebowlingbash.hpp">
      <Filter>Header Files\Skills\Novice</Filter>
    </ClInclude>
    <ClInclude Include="skills/novice/groundgravitation.hpp">
      <Filter>Header Files\Skills\Novice</Filter>
    </ClInclude>
    <ClInclude Include="skills/novice/hellsdrive.hpp">
      <Filter>Header Files\Skills\Novice</Filter>
    </ClInclude>
    <ClInclude Include="skills/novice/helpangel.hpp">
      <Filter>Header Files\Skills\Novice</Filter>
    </ClInclude>
    <ClInclude Include="skills/novice/jackfrostnova.hpp">
      <Filter>Header Files\Skills\Novice</Filter>
    </ClInclude>
    <ClInclude Include="skills/novice/jupitelthunderstorm.hpp">
      <Filter>Header Files\Skills\Novice</Filter>
    </ClInclude>
    <ClInclude Include="skills/novice/megasonicblow.hpp">
      <Filter>Header Files\Skills\Novice</Filter>
    </ClInclude>
    <ClInclude Include="skills/novice/meteorstormbuster.hpp">
      <Filter>Header Files\Skills\Novice</Filter>
    </ClInclude>
    <ClInclude Include="skills/novice/napalmvulcanstrike.hpp">
      <Filter>Header Files\Skills\Novice</Filter>
    </ClInclude>
    <ClInclude Include="skills/novice/overcomingcrisis.hpp">
      <Filter>Header Files\Skills\Novice</Filter>
    </ClInclude>
    <ClInclude Include="skills/novice/shieldchainrush.hpp">
      <Filter>Header Files\Skills\Novice</Filter>
    </ClInclude>
    <ClInclude Include="skills/novice/skill_factory_novice.hpp">
      <Filter>Header Files\Skills\Novice</Filter>
    </ClInclude>
    <ClInclude Include="skills/novice/spiralpiercemax.hpp">
      <Filter>Header Files\Skills\Novice</Filter>
    </ClInclude>
    <ClInclude Include="skills/npc/skill_factory_npc.hpp">
      <Filter>Header Files\Skills\Npc</Filter>
    </ClInclude>
    <ClInclude Include="skills/skill_factory.hpp">
      <Filter>Header Files\Skills</Filter>
    </ClInclude>
    <ClInclude Include="skills/skill_impl.hpp">
      <Filter>Header Files\Skills</Filter>
    </ClInclude>
    <ClInclude Include="skills/status_skill_impl.hpp">
      <Filter>Header Files\Skills</Filter>
    </ClInclude>
    <ClInclude Include="skills/summoner/skill_factory_summoner.hpp">
      <Filter>Header Files\Skills\Summoner</Filter>
    </ClInclude>
    <ClInclude Include="skills/swordman/autoberserk.hpp">
      <Filter>Header Files\Skills\Swordman</Filter>
    </ClInclude>
    <ClInclude Include="skills/swordman/bash.hpp">
      <Filter>Header Files\Skills\Swordman</Filter>
    </ClInclude>
    <ClInclude Include="skills/swordman/bowlingbash.hpp">
      <Filter>Header Files\Skills\Swordman</Filter>
    </ClInclude>
    <ClInclude Include="skills/swordman/brandishspear.hpp">
      <Filter>Header Files\Skills\Swordman</Filter>
    </ClInclude>
    <ClInclude Include="skills/swordman/counterattack.hpp">
      <Filter>Header Files\Skills\Swordman</Filter>
    </ClInclude>
    <ClInclude Include="skills/swordman/grandcross.hpp">
      <Filter>Header Files\Skills\Swordman</Filter>
    </ClInclude>
    <ClInclude Include="skills/swordman/holycross.hpp">
      <Filter>Header Files\Skills\Swordman</Filter>
    </ClInclude>
    <ClInclude Include="skills/swordman/magnum.hpp">
      <Filter>Header Files\Skills\Swordman</Filter>
    </ClInclude>
    <ClInclude Include="skills/swordman/pierce.hpp">
      <Filter>Header Files\Skills\Swordman</Filter>
    </ClInclude>
    <ClInclude Include="skills/swordman/provoke.hpp">
      <Filter>Header Files\Skills\Swordman</Filter>
    </ClInclude>
    <ClInclude Include="skills/swordman/relax.hpp">
      <Filter>Header Files\Skills\Swordman</Filter>
    </ClInclude>
    <ClInclude Include="skills/swordman/resistantsouls.hpp">
      <Filter>Header Files\Skills\Swordman</Filter>
    </ClInclude>
    <ClInclude Include="skills/swordman/sacrifice.hpp">
      <Filter>Header Files\Skills\Swordman</Filter>
    </ClInclude>
    <ClInclude Include="skills/swordman/selfprovoke.hpp">
      <Filter>Header Files\Skills\Swordman</Filter>
    </ClInclude>
    <ClInclude Include="skills/swordman/shieldboomerang.hpp">
      <Filter>Header Files\Skills\Swordman</Filter>
    </ClInclude>
    <ClInclude Include="skills/swordman/shieldreflect.hpp">
      <Filter>Header Files\Skills\Swordman</Filter>
    </ClInclude>
    <ClInclude Include="skills/swordman/skill_factory_swordman.hpp">
      <Filter>Header Files\Skills\Swordman</Filter>
    </ClInclude>
    <ClInclude Include="skills/swordman/smite.hpp">
      <Filter>Header Files\Skills\Swordman</Filter>
    </ClInclude>
    <ClInclude Include="skills/swordman/spearboomerang.hpp">
      <Filter>Header Files\Skills\Swordman</Filter>
    </ClInclude>
    <ClInclude Include="skills/swordman/spearstab.hpp">
      <Filter>Header Files\Skills\Swordman</Filter>
    </ClInclude>
    <ClInclude Include="skills/swordman/spiralpierce.hpp">
      <Filter>Header Files\Skills\Swordman</Filter>
    </ClInclude>
    <ClInclude Include="skills/swordman/traumaticblow.hpp">
      <Filter>Header Files\Skills\Swordman</Filter>
    </ClInclude>
    <ClInclude Include="skills/swordman/vitalstrike.hpp">
      <Filter>Header Files\Skills\Swordman</Filter>
    </ClInclude>
    <ClInclude Include="skills/taekwon/circleofdirectionsandelementals.hpp">
      <Filter>Header Files\Skills\Taekwon</Filter>
    </ClInclude>
    <ClInclude Include="skills/taekwon/counter.hpp">
      <Filter>Header Files\Skills\Taekwon</Filter>
    </ClInclude>
    <ClInclude Include="skills/taekwon/downkick.hpp">
      <Filter>Header Files\Skills\Taekwon</Filter>
    </ClInclude>
    <ClInclude Include="skills/taekwon/eska.hpp">
      <Filter>Header Files\Skills\Taekwon</Filter>
    </ClInclude>
    <ClInclude Include="skills/taekwon/eske.hpp">
      <Filter>Header Files\Skills\Taekwon</Filter>
    </ClInclude>
    <ClInclude Include="skills/taekwon/esma.hpp">
      <Filter>Header Files\Skills\Taekwon</Filter>
    </ClInclude>
    <ClInclude Include="skills/taekwon/estin.hpp">
      <Filter>Header Files\Skills\Taekwon</Filter>
    </ClInclude>
    <ClInclude Include="skills/taekwon/estun.hpp">
      <Filter>Header Files\Skills\Taekwon</Filter>
    </ClInclude>
    <ClInclude Include="skills/taekwon/eswoo.hpp">
      <Filter>Header Files\Skills\Taekwon</Filter>
    </ClInclude>
    <ClInclude Include="skills/taekwon/exorcismofmalicioussoul.hpp">
      <Filter>Header Files\Skills\Taekwon</Filter>
    </ClInclude>
    <ClInclude Include="skills/taekwon/feelingthesunmoonandstars.hpp">
      <Filter>Header Files\Skills\Taekwon</Filter>
    </ClInclude>
    <ClInclude Include="skills/taekwon/hatredofthesunmoonandstars.hpp">
      <Filter>Header Files\Skills\Taekwon</Filter>
    </ClInclude>
    <ClInclude Include="skills/taekwon/highjump.hpp">
      <Filter>Header Files\Skills\Taekwon</Filter>
    </ClInclude>
    <ClInclude Include="skills/taekwon/jumpkick.hpp">
      <Filter>Header Files\Skills\Taekwon</Filter>
    </ClInclude>
    <ClInclude Include="skills/taekwon/kaahi.hpp">
      <Filter>Header Files\Skills\Taekwon</Filter>
    </ClInclude>
    <ClInclude Include="skills/taekwon/kaite.hpp">
      <Filter>Header Files\Skills\Taekwon</Filter>
    </ClInclude>
    <ClInclude Include="skills/taekwon/kaizel.hpp">
      <Filter>Header Files\Skills\Taekwon</Filter>
    </ClInclude>
    <ClInclude Include="skills/taekwon/kaupe.hpp">
      <Filter>Header Files\Skills\Taekwon</Filter>
    </ClInclude>
    <ClInclude Include="skills/taekwon/mission.hpp">
      <Filter>Header Files\Skills\Taekwon</Filter>
    </ClInclude>
    <ClInclude Include="skills/taekwon/run.hpp">
      <Filter>Header Files\Skills\Taekwon</Filter>
    </ClInclude>
    <ClInclude Include="skills/taekwon/sevenwind.hpp">
      <Filter>Header Files\Skills\Taekwon</Filter>
    </ClInclude>
    <ClInclude Include="skills/taekwon/skill_factory_taekwon.hpp">
      <Filter>Header Files\Skills\Taekwon</Filter>
    </ClInclude>
    <ClInclude Include="skills/taekwon/soulgathering.hpp">
      <Filter>Header Files\Skills\Taekwon</Filter>
    </ClInclude>
    <ClInclude Include="skills/taekwon/soulofheavenandearth.hpp">
      <Filter>Header Files\Skills\Taekwon</Filter>
    </ClInclude>
    <ClInclude Include="skills/taekwon/spiritofrebirth.hpp">
      <Filter>Header Files\Skills\Taekwon</Filter>
    </ClInclude>
    <ClInclude Include="skills/taekwon/spiritofthealchemist.hpp">
      <Filter>Header Files\Skills\Taekwon</Filter>
    </ClInclude>
    <ClInclude Include="skills/taekwon/spiritoftheartist.hpp">
      <Filter>Header Files\Skills\Taekwon</Filter>
    </ClInclude>
    <ClInclude Include="skills/taekwon/spiritoftheassasin.hpp">
      <Filter>Header Files\Skills\Taekwon</Filter>
    </ClInclude>
    <ClInclude Include="skills/taekwon/spiritoftheblacksmith.hpp">
      <Filter>Header Files\Skills\Taekwon</Filter>
    </ClInclude>
    <ClInclude Include="skills/taekwon/spiritofthecrusader.hpp">
      <Filter>Header Files\Skills\Taekwon</Filter>
    </ClInclude>
    <ClInclude Include="skills/taekwon/spiritofthehunter.hpp">
      <Filter>Header Files\Skills\Taekwon</Filter>
    </ClInclude>
    <ClInclude Include="skills/taekwon/spiritoftheknight.hpp">
      <Filter>Header Files\Skills\Taekwon</Filter>
    </ClInclude>
    <ClInclude Include="skills/taekwon/spiritofthemonk.hpp">
      <Filter>Header Files\Skills\Taekwon</Filter>
    </ClInclude>
    <ClInclude Include="skills/taekwon/spiritofthepriest.hpp">
      <Filter>Header Files\Skills\Taekwon</Filter>
    </ClInclude>
    <ClInclude Include="skills/taekwon/spiritoftherogue.hpp">
      <Filter>Header Files\Skills\Taekwon</Filter>
    </ClInclude>
    <ClInclude Include="skills/taekwon/spiritofthesage.hpp">
      <Filter>Header Files\Skills\Taekwon</Filter>
    </ClInclude>
    <ClInclude Include="skills/taekwon/spiritofthesoullinker.hpp">
      <Filter>Header Files\Skills\Taekwon</Filter>
    </ClInclude>
    <ClInclude Include="skills/taekwon/spiritofthestargladiator.hpp">
      <Filter>Header Files\Skills\Taekwon</Filter>
    </ClInclude>
    <ClInclude Include="skills/taekwon/spiritofthesupernovice.hpp">
      <Filter>Header Files\Skills\Taekwon</Filter>
    </ClInclude>
    <ClInclude Include="skills/taekwon/spiritofthewizard.hpp">
      <Filter>Header Files\Skills\Taekwon</Filter>
    </ClInclude>
    <ClInclude Include="skills/taekwon/stormkick.hpp">
      <Filter>Header Files\Skills\Taekwon</Filter>
    </ClInclude>
    <ClInclude Include="skills/taekwon/talismanofblacktortoise.hpp">
      <Filter>Header Files\Skills\Taekwon</Filter>
    </ClInclude>
    <ClInclude Include="skills/taekwon/talismanofbluedragon.hpp">
      <Filter>Header Files\Skills\Taekwon</Filter>
    </ClInclude>
    <ClInclude Include="skills/taekwon/talismanoffiveelements.hpp">
      <Filter>Header Files\Skills\Taekwon</Filter>
    </ClInclude>
    <ClInclude Include="skills/taekwon/talismanoffourbearinggod.hpp">
      <Filter>Header Files\Skills\Taekwon</Filter>
    </ClInclude>
    <ClInclude Include="skills/taekwon/talismanofmagician.hpp">
      <Filter>Header Files\Skills\Taekwon</Filter>
    </ClInclude>
    <ClInclude Include="skills/taekwon/talismanofprotection.hpp">
      <Filter>Header Files\Skills\Taekwon</Filter>
    </ClInclude>
    <ClInclude Include="skills/taekwon/talismanofredphoenix.hpp">
      <Filter>Header Files\Skills\Taekwon</Filter>
    </ClInclude>
    <ClInclude Include="skills/taekwon/talismanofsoulstealing.hpp">
      <Filter>Header Files\Skills\Taekwon</Filter>
    </ClInclude>
    <ClInclude Include="skills/taekwon/talismanofwarrior.hpp">
      <Filter>Header Files\Skills\Taekwon</Filter>
    </ClInclude>
    <ClInclude Include="skills/taekwon/talismanofwhitetiger.hpp">
      <Filter>Header Files\Skills\Taekwon</Filter>
    </ClInclude>
    <ClInclude Include="skills/taekwon/totemoftutelary.hpp">
      <Filter>Header Files\Skills\Taekwon</Filter>
    </ClInclude>
    <ClInclude Include="skills/taekwon/turnkick.hpp">
      <Filter>Header Files\Skills\Taekwon</Filter>
    </ClInclude>
    <ClInclude Include="skills/taekwon/warmthofthemoon.hpp">
      <Filter>Header Files\Skills\Taekwon</Filter>
    </ClInclude>
    <ClInclude Include="skills/taekwon/warmthofthestars.hpp">
      <Filter>Header Files\Skills\Taekwon</Filter>
    </ClInclude>
    <ClInclude Include="skills/taekwon/warmthofthesun.hpp">
      <Filter>Header Files\Skills\Taekwon</Filter>
    </ClInclude>
    <ClInclude Include="skills/thief/backslide.hpp">
      <Filter>Header Files\Skills\Thief</Filter>
    </ClInclude>
    <ClInclude Include="skills/thief/backstab.hpp">
      <Filter>Header Files\Skills\Thief</Filter>
    </ClInclude>
    <ClInclude Include="skills/thief/cloaking.hpp">
      <Filter>Header Files\Skills\Thief</Filter>
    </ClInclude>
    <ClInclude Include="skills/thief/closeconfine.hpp">
      <Filter>Header Files\Skills\Thief</Filter>
    </ClInclude>
    <ClInclude Include="skills/thief/counterinstinct.hpp">
      <Filter>Header Files\Skills\Thief</Filter>
    </ClInclude>
    <ClInclude Include="skills/thief/createdeadlypoison.hpp">
      <Filter>Header Files\Skills\Thief</Filter>
    </ClInclude>
    <ClInclude Include="skills/thief/dancingknife.hpp">
      <Filter>Header Files\Skills\Thief</Filter>
    </ClInclude>
    <ClInclude Include="skills/thief/detoxify.hpp">
      <Filter>Header Files\Skills\Thief</Filter>
    </ClInclude>
    <ClInclude Include="skills/thief/divestall.hpp">
      <Filter>Header Files\Skills\Thief</Filter>
    </ClInclude>
    <ClInclude Include="skills/thief/divestarmor.hpp">
      <Filter>Header Files\Skills\Thief</Filter>
    </ClInclude>
    <ClInclude Include="skills/thief/divesthelm.hpp">
      <Filter>Header Files\Skills\Thief</Filter>
    </ClInclude>
    <ClInclude Include="skills/thief/divestshield.hpp">
      <Filter>Header Files\Skills\Thief</Filter>
    </ClInclude>
    <ClInclude Include="skills/thief/divestweapon.hpp">
      <Filter>Header Files\Skills\Thief</Filter>
    </ClInclude>
    <ClInclude Include="skills/thief/enchantdeadlypoison.hpp">
      <Filter>Header Files\Skills\Thief</Filter>
    </ClInclude>
    <ClInclude Include="skills/thief/enchantpoison.hpp">
      <Filter>Header Files\Skills\Thief</Filter>
    </ClInclude>
    <ClInclude Include="skills/thief/envenom.hpp">
      <Filter>Header Files\Skills\Thief</Filter>
    </ClInclude>
    <ClInclude Include="skills/thief/eternalslash.hpp">
      <Filter>Header Files\Skills\Thief</Filter>
    </ClInclude>
    <ClInclude Include="skills/thief/fatalshadowcrow.hpp">
      <Filter>Header Files\Skills\Thief</Filter>
    </ClInclude>
    <ClInclude Include="skills/thief/findstone.hpp">
      <Filter>Header Files\Skills\Thief</Filter>
    </ClInclude>
    <ClInclude Include="skills/thief/grimtooth.hpp">
      <Filter>Header Files\Skills\Thief</Filter>
    </ClInclude>
    <ClInclude Include="skills/thief/hiding.hpp">
      <Filter>Header Files\Skills\Thief</Filter>
    </ClInclude>
    <ClInclude Include="skills/thief/impactcrater.hpp">
      <Filter>Header Files\Skills\Thief</Filter>
    </ClInclude>
    <ClInclude Include="skills/thief/meteorassault.hpp">
      <Filter>Header Files\Skills\Thief</Filter>
    </ClInclude>
    <ClInclude Include="skills/thief/mug.hpp">
      <Filter>Header Files\Skills\Thief</Filter>
    </ClInclude>
    <ClInclude Include="skills/thief/remover.hpp">
      <Filter>Header Files\Skills\Thief</Filter>
    </ClInclude>
    <ClInclude Include="skills/thief/sandattack.hpp">
      <Filter>Header Files\Skills\Thief</Filter>
    </ClInclude>
    <ClInclude Include="skills/thief/savageimpact.hpp">
      <Filter>Header Files\Skills\Thief</Filter>
    </ClInclude>
    <ClInclude Include="skills/thief/scribble.hpp">
      <Filter>Header Files\Skills\Thief</Filter>
    </ClInclude>
    <ClInclude Include="skills/thief/shadowstab.hpp">
      <Filter>Header Files\Skills\Thief</Filter>
    </ClInclude>
    <ClInclude Include="skills/thief/crossslash.hpp">
      <Filter>Header Files\Skills\Thief</Filter>
    </ClInclude>
    <ClInclude Include="skills/thief/sightlessmind.hpp">
      <Filter>Header Files\Skills\Thief</Filter>
    </ClInclude>
    <ClInclude Include="skills/thief/skill_factory_thief.hpp">
      <Filter>Header Files\Skills\Thief</Filter>
    </ClInclude>
    <ClInclude Include="skills/thief/snatch.hpp">
      <Filter>Header Files\Skills\Thief</Filter>
    </ClInclude>
    <ClInclude Include="skills/thief/sonicblow.hpp">
      <Filter>Header Files\Skills\Thief</Filter>
    </ClInclude>
    <ClInclude Include="skills/thief/souldestroyer.hpp">
      <Filter>Header Files\Skills\Thief</Filter>
    </ClInclude>
    <ClInclude Include="skills/thief/steal.hpp">
      <Filter>Header Files\Skills\Thief</Filter>
    </ClInclude>
    <ClInclude Include="skills/thief/stealth.hpp">
      <Filter>Header Files\Skills\Thief</Filter>
    </ClInclude>
    <ClInclude Include="skills/thief/stonefling.hpp">
      <Filter>Header Files\Skills\Thief</Filter>
    </ClInclude>
    <ClInclude Include="skills/thief/throwvenomknife.hpp">
      <Filter>Header Files\Skills\Thief</Filter>
    </ClInclude>
    <ClInclude Include="skills/thief/venomdust.hpp">
      <Filter>Header Files\Skills\Thief</Filter>
    </ClInclude>
    <ClInclude Include="skills/thief/venomsplasher.hpp">
      <Filter>Header Files\Skills\Thief</Filter>
    </ClInclude>
    <ClInclude Include="skills/weapon_skill_impl.hpp">
      <Filter>Header Files\Skills</Filter>
    </ClInclude>
  </ItemGroup>
  <ItemGroup>
    <ClCompile Include="skills/acolyte/angelus.cpp">
      <Filter>Source Files\Skills\Acolyte</Filter>
    </ClCompile>
    <ClCompile Include="skills/acolyte/aspersio.cpp">
      <Filter>Source Files\Skills\Acolyte</Filter>
    </ClCompile>
    <ClCompile Include="skills/acolyte/blessing.cpp">
      <Filter>Source Files\Skills\Acolyte</Filter>
    </ClCompile>
    <ClCompile Include="skills/acolyte/bssacramenti.cpp">
      <Filter>Source Files\Skills\Acolyte</Filter>
    </ClCompile>
    <ClCompile Include="skills/acolyte/crucis.cpp">
      <Filter>Source Files\Skills\Acolyte</Filter>
    </ClCompile>
    <ClCompile Include="skills/acolyte/cure.cpp">
      <Filter>Source Files\Skills\Acolyte</Filter>
    </ClCompile>
    <ClCompile Include="skills/acolyte/decagi.cpp">
      <Filter>Source Files\Skills\Acolyte</Filter>
    </ClCompile>
    <ClCompile Include="skills/acolyte/gloria.cpp">
      <Filter>Source Files\Skills\Acolyte</Filter>
    </ClCompile>
    <ClCompile Include="skills/acolyte/heal.cpp">
      <Filter>Source Files\Skills\Acolyte</Filter>
    </ClCompile>
    <ClCompile Include="skills/acolyte/holylight.cpp">
      <Filter>Source Files\Skills\Acolyte</Filter>
    </ClCompile>
    <ClCompile Include="skills/acolyte/holywater.cpp">
      <Filter>Source Files\Skills\Acolyte</Filter>
    </ClCompile>
    <ClCompile Include="skills/acolyte/impositiomanus.cpp">
      <Filter>Source Files\Skills\Acolyte</Filter>
    </ClCompile>
    <ClCompile Include="skills/acolyte/incagi.cpp">
      <Filter>Source Files\Skills\Acolyte</Filter>
    </ClCompile>
    <ClCompile Include="skills/acolyte/kyrieeleison.cpp">
      <Filter>Source Files\Skills\Acolyte</Filter>
    </ClCompile>
    <ClCompile Include="skills/acolyte/lexdivina.cpp">
      <Filter>Source Files\Skills\Acolyte</Filter>
    </ClCompile>
    <ClCompile Include="skills/acolyte/magnificat.cpp">
      <Filter>Source Files\Skills\Acolyte</Filter>
    </ClCompile>
    <ClCompile Include="skills/acolyte/magnusexorcismus.cpp">
      <Filter>Source Files\Skills\Acolyte</Filter>
    </ClCompile>
    <ClCompile Include="skills/acolyte/pneuma.cpp">
      <Filter>Source Files\Skills\Acolyte</Filter>
    </ClCompile>
    <ClCompile Include="skills/acolyte/ruwach.cpp">
      <Filter>Source Files\Skills\Acolyte</Filter>
    </ClCompile>
    <ClCompile Include="skills/acolyte/sanctuary.cpp">
      <Filter>Source Files\Skills\Acolyte</Filter>
    </ClCompile>
    <ClCompile Include="skills/acolyte/skill_factory_acolyte.cpp">
      <Filter>Source Files\Skills\Acolyte</Filter>
    </ClCompile>
    <ClCompile Include="skills/acolyte/statusrecovery.cpp">
      <Filter>Source Files\Skills\Acolyte</Filter>
    </ClCompile>
    <ClCompile Include="skills/acolyte/suffragium.cpp">
      <Filter>Source Files\Skills\Acolyte</Filter>
    </ClCompile>
    <ClCompile Include="skills/acolyte/turnundead.cpp">
      <Filter>Source Files\Skills\Acolyte</Filter>
    </ClCompile>
    <ClCompile Include="skills/archer/aimedbolt.cpp">
      <Filter>Source Files\Skills\Archer</Filter>
    </ClCompile>
    <ClCompile Include="skills/archer/anklesnare.cpp">
      <Filter>Source Files\Skills\Archer</Filter>
    </ClCompile>
    <ClCompile Include="skills/archer/arrowshower.cpp">
      <Filter>Source Files\Skills\Archer</Filter>
    </ClCompile>
    <ClCompile Include="skills/archer/arrowstorm.cpp">
      <Filter>Source Files\Skills\Archer</Filter>
    </ClCompile>
    <ClCompile Include="skills/archer/beaststrafing.cpp">
      <Filter>Source Files\Skills\Archer</Filter>
    </ClCompile>
    <ClCompile Include="skills/archer/blastmine.cpp">
      <Filter>Source Files\Skills\Archer</Filter>
    </ClCompile>
    <ClCompile Include="skills/archer/blitzbeat.cpp">
      <Filter>Source Files\Skills\Archer</Filter>
    </ClCompile>
    <ClCompile Include="skills/archer/camouflage.cpp">
      <Filter>Source Files\Skills\Archer</Filter>
    </ClCompile>
    <ClCompile Include="skills/archer/chargearrow.cpp">
      <Filter>Source Files\Skills\Archer</Filter>
    </ClCompile>
    <ClCompile Include="skills/archer/claymoretrap.cpp">
      <Filter>Source Files\Skills\Archer</Filter>
    </ClCompile>
    <ClCompile Include="skills/archer/clusterbomb.cpp">
      <Filter>Source Files\Skills\Archer</Filter>
    </ClCompile>
    <ClCompile Include="skills/archer/cobalttrap.cpp">
      <Filter>Source Files\Skills\Archer</Filter>
    </ClCompile>
    <ClCompile Include="skills/archer/concentration.cpp">
      <Filter>Source Files\Skills\Archer</Filter>
    </ClCompile>
    <ClCompile Include="skills/archer/crescivebolt.cpp">
      <Filter>Source Files\Skills\Archer</Filter>
    </ClCompile>
    <ClCompile Include="skills/archer/deepblindtrap.cpp">
      <Filter>Source Files\Skills\Archer</Filter>
    </ClCompile>
    <ClCompile Include="skills/archer/detect.cpp">
      <Filter>Source Files\Skills\Archer</Filter>
    </ClCompile>
    <ClCompile Include="skills/archer/detonator.cpp">
      <Filter>Source Files\Skills\Archer</Filter>
    </ClCompile>
    <ClCompile Include="skills/archer/doublestrafe.cpp">
      <Filter>Source Files\Skills\Archer</Filter>
    </ClCompile>
    <ClCompile Include="skills/archer/electricshocker.cpp">
      <Filter>Source Files\Skills\Archer</Filter>
    </ClCompile>
    <ClCompile Include="skills/archer/falconassault.cpp">
      <Filter>Source Files\Skills\Archer</Filter>
    </ClCompile>
    <ClCompile Include="skills/archer/fearbreeze.cpp">
      <Filter>Source Files\Skills\Archer</Filter>
    </ClCompile>
    <ClCompile Include="skills/archer/firingtrap.cpp">
      <Filter>Source Files\Skills\Archer</Filter>
    </ClCompile>
    <ClCompile Include="skills/archer/flametrap.cpp">
      <Filter>Source Files\Skills\Archer</Filter>
    </ClCompile>
    <ClCompile Include="skills/archer/flasher.cpp">
      <Filter>Source Files\Skills\Archer</Filter>
    </ClCompile>
    <ClCompile Include="skills/archer/focusedarrowstrike.cpp">
      <Filter>Source Files\Skills\Archer</Filter>
    </ClCompile>
    <ClCompile Include="skills/archer/freezingtrap.cpp">
      <Filter>Source Files\Skills\Archer</Filter>
    </ClCompile>
    <ClCompile Include="skills/archer/galestorm.cpp">
      <Filter>Source Files\Skills\Archer</Filter>
    </ClCompile>
    <ClCompile Include="skills/archer/hawkboomerang.cpp">
      <Filter>Source Files\Skills\Archer</Filter>
    </ClCompile>
    <ClCompile Include="skills/archer/hawkmastery.cpp">
      <Filter>Source Files\Skills\Archer</Filter>
    </ClCompile>
    <ClCompile Include="skills/archer/hawkrush.cpp">
      <Filter>Source Files\Skills\Archer</Filter>
    </ClCompile>
    <ClCompile Include="skills/archer/iceboundtrap.cpp">
      <Filter>Source Files\Skills\Archer</Filter>
    </ClCompile>
    <ClCompile Include="skills/archer/landmine.cpp">
      <Filter>Source Files\Skills\Archer</Filter>
    </ClCompile>
    <ClCompile Include="skills/archer/magentatrap.cpp">
      <Filter>Source Files\Skills\Archer</Filter>
    </ClCompile>
    <ClCompile Include="skills/archer/maizetrap.cpp">
      <Filter>Source Files\Skills\Archer</Filter>
    </ClCompile>
    <ClCompile Include="skills/archer/makingarrow.cpp">
      <Filter>Source Files\Skills\Archer</Filter>
    </ClCompile>
    <ClCompile Include="skills/archer/phantasmicarrow.cpp">
      <Filter>Source Files\Skills\Archer</Filter>
    </ClCompile>
    <ClCompile Include="skills/archer/removetrap.cpp">
      <Filter>Source Files\Skills\Archer</Filter>
    </ClCompile>
    <ClCompile Include="skills/archer/sandman.cpp">
      <Filter>Source Files\Skills\Archer</Filter>
    </ClCompile>
    <ClCompile Include="skills/archer/sensitivekeen.cpp">
      <Filter>Source Files\Skills\Archer</Filter>
    </ClCompile>
    <ClCompile Include="skills/archer/shockwavetrap.cpp">
      <Filter>Source Files\Skills\Archer</Filter>
    </ClCompile>
    <ClCompile Include="skills/archer/skidtrap.cpp">
      <Filter>Source Files\Skills\Archer</Filter>
    </ClCompile>
    <ClCompile Include="skills/archer/skill_factory_archer.cpp">
      <Filter>Source Files\Skills\Archer</Filter>
    </ClCompile>
    <ClCompile Include="skills/archer/solidtrap.cpp">
      <Filter>Source Files\Skills\Archer</Filter>
    </ClCompile>
    <ClCompile Include="skills/archer/springtrap.cpp">
      <Filter>Source Files\Skills\Archer</Filter>
    </ClCompile>
    <ClCompile Include="skills/archer/swifttrap.cpp">
      <Filter>Source Files\Skills\Archer</Filter>
    </ClCompile>
    <ClCompile Include="skills/archer/talkiebox.cpp">
      <Filter>Source Files\Skills\Archer</Filter>
    </ClCompile>
    <ClCompile Include="skills/archer/verduretrap.cpp">
      <Filter>Source Files\Skills\Archer</Filter>
    </ClCompile>
    <ClCompile Include="skills/archer/wargbite.cpp">
      <Filter>Source Files\Skills\Archer</Filter>
    </ClCompile>
    <ClCompile Include="skills/archer/wargdash.cpp">
      <Filter>Source Files\Skills\Archer</Filter>
    </ClCompile>
    <ClCompile Include="skills/archer/wargmastery.cpp">
      <Filter>Source Files\Skills\Archer</Filter>
    </ClCompile>
    <ClCompile Include="skills/archer/wargrider.cpp">
      <Filter>Source Files\Skills\Archer</Filter>
    </ClCompile>
    <ClCompile Include="skills/archer/wargstrike.cpp">
      <Filter>Source Files\Skills\Archer</Filter>
    </ClCompile>
    <ClCompile Include="skills/archer/wildwalk.cpp">
      <Filter>Source Files\Skills\Archer</Filter>
    </ClCompile>
    <ClCompile Include="skills/archer/windwalker.cpp">
      <Filter>Source Files\Skills\Archer</Filter>
    </ClCompile>
    <ClCompile Include="skills/custom/skill_factory_custom.cpp">
      <Filter>Source Files\Skills\Custom</Filter>
    </ClCompile>
    <ClCompile Include="skills/gunslinger/bullseye.cpp">
      <Filter>Source Files\Skills\Gunslinger</Filter>
    </ClCompile>
    <ClCompile Include="skills/gunslinger/cracker.cpp">
      <Filter>Source Files\Skills\Gunslinger</Filter>
    </ClCompile>
    <ClCompile Include="skills/gunslinger/desperado.cpp">
      <Filter>Source Files\Skills\Gunslinger</Filter>
    </ClCompile>
    <ClCompile Include="skills/gunslinger/disarm.cpp">
      <Filter>Source Files\Skills\Gunslinger</Filter>
    </ClCompile>
    <ClCompile Include="skills/gunslinger/dust.cpp">
      <Filter>Source Files\Skills\Gunslinger</Filter>
    </ClCompile>
    <ClCompile Include="skills/gunslinger/fling.cpp">
      <Filter>Source Files\Skills\Gunslinger</Filter>
    </ClCompile>
    <ClCompile Include="skills/gunslinger/fullbuster.cpp">
      <Filter>Source Files\Skills\Gunslinger</Filter>
    </ClCompile>
    <ClCompile Include="skills/gunslinger/gatlingfever.cpp">
      <Filter>Source Files\Skills\Gunslinger</Filter>
    </ClCompile>
    <ClCompile Include="skills/gunslinger/glittering.cpp">
      <Filter>Source Files\Skills\Gunslinger</Filter>
    </ClCompile>
    <ClCompile Include="skills/gunslinger/grounddrift.cpp">
      <Filter>Source Files\Skills\Gunslinger</Filter>
    </ClCompile>
    <ClCompile Include="skills/gunslinger/piercingshot.cpp">
      <Filter>Source Files\Skills\Gunslinger</Filter>
    </ClCompile>
    <ClCompile Include="skills/gunslinger/rapidshower.cpp">
      <Filter>Source Files\Skills\Gunslinger</Filter>
    </ClCompile>
    <ClCompile Include="skills/gunslinger/skill_factory_gunslinger.cpp">
      <Filter>Source Files\Skills\Gunslinger</Filter>
    </ClCompile>
    <ClCompile Include="skills/gunslinger/spreadattack.cpp">
      <Filter>Source Files\Skills\Gunslinger</Filter>
    </ClCompile>
    <ClCompile Include="skills/gunslinger/tracking.cpp">
      <Filter>Source Files\Skills\Gunslinger</Filter>
    </ClCompile>
    <ClCompile Include="skills/gunslinger/tripleaction.cpp">
      <Filter>Source Files\Skills\Gunslinger</Filter>
    </ClCompile>
    <ClCompile Include="skills/mage/allbloom.cpp">
      <Filter>Source Files\Skills\Mage</Filter>
    </ClCompile>
    <ClCompile Include="skills/mage/astralstrike.cpp">
      <Filter>Source Files\Skills\Mage</Filter>
    </ClCompile>
    <ClCompile Include="skills/mage/coldbolt.cpp">
      <Filter>Source Files\Skills\Mage</Filter>
    </ClCompile>
    <ClCompile Include="skills/mage/crimsonarrow.cpp">
      <Filter>Source Files\Skills\Mage</Filter>
    </ClCompile>
    <ClCompile Include="skills/mage/crystalimpact.cpp">
      <Filter>Source Files\Skills\Mage</Filter>
    </ClCompile>
    <ClCompile Include="skills/mage/deadlyprojection.cpp">
      <Filter>Source Files\Skills\Mage</Filter>
    </ClCompile>
    <ClCompile Include="skills/mage/destructivehurricane.cpp">
      <Filter>Source Files\Skills\Mage</Filter>
    </ClCompile>
    <ClCompile Include="skills/mage/earthspike.cpp">
      <Filter>Source Files\Skills\Mage</Filter>
    </ClCompile>
    <ClCompile Include="skills/mage/energycoat.cpp">
      <Filter>Source Files\Skills\Mage</Filter>
    </ClCompile>
    <ClCompile Include="skills/mage/energyconversion.cpp">
      <Filter>Source Files\Skills\Mage</Filter>
    </ClCompile>
    <ClCompile Include="skills/mage/fireball.cpp">
      <Filter>Source Files\Skills\Mage</Filter>
    </ClCompile>
    <ClCompile Include="skills/mage/firebolt.cpp">
      <Filter>Source Files\Skills\Mage</Filter>
    </ClCompile>
    <ClCompile Include="skills/mage/firepillar.cpp">
      <Filter>Source Files\Skills\Mage</Filter>
    </ClCompile>
    <ClCompile Include="skills/mage/firewall.cpp">
      <Filter>Source Files\Skills\Mage</Filter>
    </ClCompile>
    <ClCompile Include="skills/mage/floralflareroad.cpp">
      <Filter>Source Files\Skills\Mage</Filter>
    </ClCompile>
    <ClCompile Include="skills/mage/frostdiver.cpp">
      <Filter>Source Files\Skills\Mage</Filter>
    </ClCompile>
    <ClCompile Include="skills/mage/frostnova.cpp">
      <Filter>Source Files\Skills\Mage</Filter>
    </ClCompile>
    <ClCompile Include="skills/mage/frozenslash.cpp">
      <Filter>Source Files\Skills\Mage</Filter>
    </ClCompile>
    <ClCompile Include="skills/mage/ganbantein.cpp">
      <Filter>Source Files\Skills\Mage</Filter>
    </ClCompile>
    <ClCompile Include="skills/mage/gravitationfield.cpp">
      <Filter>Source Files\Skills\Mage</Filter>
    </ClCompile>
    <ClCompile Include="skills/mage/heavensdrive.cpp">
      <Filter>Source Files\Skills\Mage</Filter>
    </ClCompile>
    <ClCompile Include="skills/mage/icewall.cpp">
      <Filter>Source Files\Skills\Mage</Filter>
    </ClCompile>
    <ClCompile Include="skills/mage/jupitelthunder.cpp">
      <Filter>Source Files\Skills\Mage</Filter>
    </ClCompile>
    <ClCompile Include="skills/mage/lightningbolt.cpp">
      <Filter>Source Files\Skills\Mage</Filter>
    </ClCompile>
    <ClCompile Include="skills/mage/lordofvermilion.cpp">
      <Filter>Source Files\Skills\Mage</Filter>
    </ClCompile>
    <ClCompile Include="skills/mage/meteorstorm.cpp">
      <Filter>Source Files\Skills\Mage</Filter>
    </ClCompile>
    <ClCompile Include="skills/mage/mysteryillusion.cpp">
      <Filter>Source Files\Skills\Mage</Filter>
    </ClCompile>
    <ClCompile Include="skills/mage/napalmbeat.cpp">
      <Filter>Source Files\Skills\Mage</Filter>
    </ClCompile>
    <ClCompile Include="skills/mage/napalmvulcan.cpp">
      <Filter>Source Files\Skills\Mage</Filter>
    </ClCompile>
    <ClCompile Include="skills/mage/quagmire.cpp">
      <Filter>Source Files\Skills\Mage</Filter>
    </ClCompile>
    <ClCompile Include="skills/mage/rainofcrystal.cpp">
      <Filter>Source Files\Skills\Mage</Filter>
    </ClCompile>
    <ClCompile Include="skills/mage/rockdown.cpp">
      <Filter>Source Files\Skills\Mage</Filter>
    </ClCompile>
    <ClCompile Include="skills/mage/safetywall.cpp">
      <Filter>Source Files\Skills\Mage</Filter>
    </ClCompile>
    <ClCompile Include="skills/mage/sense.cpp">
      <Filter>Source Files\Skills\Mage</Filter>
    </ClCompile>
    <ClCompile Include="skills/mage/sight.cpp">
      <Filter>Source Files\Skills\Mage</Filter>
    </ClCompile>
    <ClCompile Include="skills/mage/sightblaster.cpp">
      <Filter>Source Files\Skills\Mage</Filter>
    </ClCompile>
    <ClCompile Include="skills/mage/sightrasher.cpp">
      <Filter>Source Files\Skills\Mage</Filter>
    </ClCompile>
    <ClCompile Include="skills/mage/skill_factory_mage.cpp">
      <Filter>Source Files\Skills\Mage</Filter>
    </ClCompile>
    <ClCompile Include="skills/mage/soulstrike.cpp">
      <Filter>Source Files\Skills\Mage</Filter>
    </ClCompile>
    <ClCompile Include="skills/mage/soulvulcanstrike.cpp">
      <Filter>Source Files\Skills\Mage</Filter>
    </ClCompile>
    <ClCompile Include="skills/mage/stonecurse.cpp">
      <Filter>Source Files\Skills\Mage</Filter>
    </ClCompile>
    <ClCompile Include="skills/mage/stormcannon.cpp">
      <Filter>Source Files\Skills\Mage</Filter>
    </ClCompile>
    <ClCompile Include="skills/mage/stormgust.cpp">
      <Filter>Source Files\Skills\Mage</Filter>
    </ClCompile>
    <ClCompile Include="skills/mage/strantumtremor.cpp">
      <Filter>Source Files\Skills\Mage</Filter>
    </ClCompile>
    <ClCompile Include="skills/mage/thunderstorm.cpp">
      <Filter>Source Files\Skills\Mage</Filter>
    </ClCompile>
    <ClCompile Include="skills/mage/tornadostorm.cpp">
      <Filter>Source Files\Skills\Mage</Filter>
    </ClCompile>
    <ClCompile Include="skills/mage/violentquake.cpp">
      <Filter>Source Files\Skills\Mage</Filter>
    </ClCompile>
    <ClCompile Include="skills/mage/waterball.cpp">
      <Filter>Source Files\Skills\Mage</Filter>
    </ClCompile>
    <ClCompile Include="skills/mercenary/mercenary_bash.cpp">
      <Filter>Source Files\Skills\Mercenary</Filter>
    </ClCompile>
    <ClCompile Include="skills/mercenary/skill_factory_mercenary.cpp">
      <Filter>Source Files\Skills\Mercenary</Filter>
    </ClCompile>
    <ClCompile Include="skills/merchant/aciddemonstration.cpp">
      <Filter>Source Files\Skills\Merchant</Filter>
    </ClCompile>
    <ClCompile Include="skills/merchant/acidterror.cpp">
      <Filter>Source Files\Skills\Merchant</Filter>
    </ClCompile>
    <ClCompile Include="skills/merchant/adrenalinerush.cpp">
      <Filter>Source Files\Skills\Merchant</Filter>
    </ClCompile>
    <ClCompile Include="skills/merchant/advancedadrenalinerush.cpp">
      <Filter>Source Files\Skills\Merchant</Filter>
    </ClCompile>
    <ClCompile Include="skills/merchant/aidberserkpotion.cpp">
      <Filter>Source Files\Skills\Merchant</Filter>
    </ClCompile>
    <ClCompile Include="skills/merchant/aidcondensedpotion.cpp">
      <Filter>Source Files\Skills\Merchant</Filter>
    </ClCompile>
    <ClCompile Include="skills/merchant/aidpotion.cpp">
      <Filter>Source Files\Skills\Merchant</Filter>
    </ClCompile>
    <ClCompile Include="skills/merchant/alchemicalweapon.cpp">
      <Filter>Source Files\Skills\Merchant</Filter>
    </ClCompile>
    <ClCompile Include="skills/merchant/biochemicalhelm.cpp">
      <Filter>Source Files\Skills\Merchant</Filter>
    </ClCompile>
    <ClCompile Include="skills/merchant/bomb.cpp">
      <Filter>Source Files\Skills\Merchant</Filter>
    </ClCompile>
    <ClCompile Include="skills/merchant/callhomunculus.cpp">
      <Filter>Source Files\Skills\Merchant</Filter>
    </ClCompile>
    <ClCompile Include="skills/merchant/cartrevolution.cpp">
      <Filter>Source Files\Skills\Merchant</Filter>
    </ClCompile>
    <ClCompile Include="skills/merchant/carttermination.cpp">
      <Filter>Source Files\Skills\Merchant</Filter>
    </ClCompile>
    <ClCompile Include="skills/merchant/changecart.cpp">
      <Filter>Source Files\Skills\Merchant</Filter>
    </ClCompile>
    <ClCompile Include="skills/merchant/crazyuproar.cpp">
      <Filter>Source Files\Skills\Merchant</Filter>
    </ClCompile>
    <ClCompile Include="skills/merchant/decoratecart.cpp">
      <Filter>Source Files\Skills\Merchant</Filter>
    </ClCompile>
    <ClCompile Include="skills/merchant/fullprotection.cpp">
      <Filter>Source Files\Skills\Merchant</Filter>
    </ClCompile>
    <ClCompile Include="skills/merchant/greed.cpp">
      <Filter>Source Files\Skills\Merchant</Filter>
    </ClCompile>
    <ClCompile Include="skills/merchant/hammerfall.cpp">
      <Filter>Source Files\Skills\Merchant</Filter>
    </ClCompile>
    <ClCompile Include="skills/merchant/itemappraisal.cpp">
      <Filter>Source Files\Skills\Merchant</Filter>
    </ClCompile>
    <ClCompile Include="skills/merchant/mammonite.cpp">
      <Filter>Source Files\Skills\Merchant</Filter>
    </ClCompile>
    <ClCompile Include="skills/merchant/plantcultivation.cpp">
      <Filter>Source Files\Skills\Merchant</Filter>
    </ClCompile>
    <ClCompile Include="skills/merchant/powerthrust.cpp">
      <Filter>Source Files\Skills\Merchant</Filter>
    </ClCompile>
    <ClCompile Include="skills/merchant/preparepotion.cpp">
      <Filter>Source Files\Skills\Merchant</Filter>
    </ClCompile>
    <ClCompile Include="skills/merchant/skill_factory_merchant.cpp">
      <Filter>Source Files\Skills\Merchant</Filter>
    </ClCompile>
    <ClCompile Include="skills/merchant/skill_vending.cpp">
      <Filter>Source Files\Skills\Merchant</Filter>
    </ClCompile>
    <ClCompile Include="skills/merchant/summonflora.cpp">
      <Filter>Source Files\Skills\Merchant</Filter>
    </ClCompile>
    <ClCompile Include="skills/merchant/summonmarinesphere.cpp">
      <Filter>Source Files\Skills\Merchant</Filter>
    </ClCompile>
    <ClCompile Include="skills/merchant/synthesizedshield.cpp">
      <Filter>Source Files\Skills\Merchant</Filter>
    </ClCompile>
    <ClCompile Include="skills/merchant/syntheticarmor.cpp">
      <Filter>Source Files\Skills\Merchant</Filter>
    </ClCompile>
    <ClCompile Include="skills/merchant/twilightalchemy1.cpp">
      <Filter>Source Files\Skills\Merchant</Filter>
    </ClCompile>
    <ClCompile Include="skills/merchant/twilightalchemy2.cpp">
      <Filter>Source Files\Skills\Merchant</Filter>
    </ClCompile>
    <ClCompile Include="skills/merchant/twilightalchemy3.cpp">
      <Filter>Source Files\Skills\Merchant</Filter>
    </ClCompile>
    <ClCompile Include="skills/merchant/upgradeweapon.cpp">
      <Filter>Source Files\Skills\Merchant</Filter>
    </ClCompile>
    <ClCompile Include="skills/merchant/vaporize.cpp">
      <Filter>Source Files\Skills\Merchant</Filter>
    </ClCompile>
    <ClCompile Include="skills/merchant/weaponperfection.cpp">
      <Filter>Source Files\Skills\Merchant</Filter>
    </ClCompile>
    <ClCompile Include="skills/merchant/weaponrepair.cpp">
      <Filter>Source Files\Skills\Merchant</Filter>
    </ClCompile>
    <ClCompile Include="skills/ninja/skill_factory_ninja.cpp">
      <Filter>Source Files\Skills\Ninja</Filter>
    </ClCompile>
    <ClCompile Include="skills/novice/doublebowlingbash.cpp">
      <Filter>Source Files\Skills\Novice</Filter>
    </ClCompile>
    <ClCompile Include="skills/novice/groundgravitation.cpp">
      <Filter>Source Files\Skills\Novice</Filter>
    </ClCompile>
    <ClCompile Include="skills/novice/hellsdrive.cpp">
      <Filter>Source Files\Skills\Novice</Filter>
    </ClCompile>
    <ClCompile Include="skills/novice/helpangel.cpp">
      <Filter>Source Files\Skills\Novice</Filter>
    </ClCompile>
    <ClCompile Include="skills/novice/jackfrostnova.cpp">
      <Filter>Source Files\Skills\Novice</Filter>
    </ClCompile>
    <ClCompile Include="skills/novice/jupitelthunderstorm.cpp">
      <Filter>Source Files\Skills\Novice</Filter>
    </ClCompile>
    <ClCompile Include="skills/novice/megasonicblow.cpp">
      <Filter>Source Files\Skills\Novice</Filter>
    </ClCompile>
    <ClCompile Include="skills/novice/meteorstormbuster.cpp">
      <Filter>Source Files\Skills\Novice</Filter>
    </ClCompile>
    <ClCompile Include="skills/novice/napalmvulcanstrike.cpp">
      <Filter>Source Files\Skills\Novice</Filter>
    </ClCompile>
    <ClCompile Include="skills/novice/overcomingcrisis.cpp">
      <Filter>Source Files\Skills\Novice</Filter>
    </ClCompile>
    <ClCompile Include="skills/novice/shieldchainrush.cpp">
      <Filter>Source Files\Skills\Novice</Filter>
    </ClCompile>
    <ClCompile Include="skills/novice/skill_factory_novice.cpp">
      <Filter>Source Files\Skills\Novice</Filter>
    </ClCompile>
    <ClCompile Include="skills/novice/spiralpiercemax.cpp">
      <Filter>Source Files\Skills\Novice</Filter>
    </ClCompile>
    <ClCompile Include="skills/npc/skill_factory_npc.cpp">
      <Filter>Source Files\Skills\Npc</Filter>
    </ClCompile>
    <ClCompile Include="skills/skill_factory.cpp">
      <Filter>Source Files\Skills</Filter>
    </ClCompile>
    <ClCompile Include="skills/skill_impl.cpp">
      <Filter>Source Files\Skills</Filter>
    </ClCompile>
    <ClCompile Include="skills/status_skill_impl.cpp">
      <Filter>Source Files\Skills</Filter>
    </ClCompile>
    <ClCompile Include="skills/summoner/skill_factory_summoner.cpp">
      <Filter>Source Files\Skills\Summoner</Filter>
    </ClCompile>
    <ClCompile Include="skills/swordman/autoberserk.cpp">
      <Filter>Source Files\Skills\Swordman</Filter>
    </ClCompile>
    <ClCompile Include="skills/swordman/bash.cpp">
      <Filter>Source Files\Skills\Swordman</Filter>
    </ClCompile>
    <ClCompile Include="skills/swordman/bowlingbash.cpp">
      <Filter>Source Files\Skills\Swordman</Filter>
    </ClCompile>
    <ClCompile Include="skills/swordman/brandishspear.cpp">
      <Filter>Source Files\Skills\Swordman</Filter>
    </ClCompile>
    <ClCompile Include="skills/swordman/counterattack.cpp">
      <Filter>Source Files\Skills\Swordman</Filter>
    </ClCompile>
    <ClCompile Include="skills/swordman/grandcross.cpp">
      <Filter>Source Files\Skills\Swordman</Filter>
    </ClCompile>
    <ClCompile Include="skills/swordman/holycross.cpp">
      <Filter>Source Files\Skills\Swordman</Filter>
    </ClCompile>
    <ClCompile Include="skills/swordman/magnum.cpp">
      <Filter>Source Files\Skills\Swordman</Filter>
    </ClCompile>
    <ClCompile Include="skills/swordman/pierce.cpp">
      <Filter>Source Files\Skills\Swordman</Filter>
    </ClCompile>
    <ClCompile Include="skills/swordman/provoke.cpp">
      <Filter>Source Files\Skills\Swordman</Filter>
    </ClCompile>
    <ClCompile Include="skills/swordman/relax.cpp">
      <Filter>Source Files\Skills\Swordman</Filter>
    </ClCompile>
    <ClCompile Include="skills/swordman/resistantsouls.cpp">
      <Filter>Source Files\Skills\Swordman</Filter>
    </ClCompile>
    <ClCompile Include="skills/swordman/sacrifice.cpp">
      <Filter>Source Files\Skills\Swordman</Filter>
    </ClCompile>
    <ClCompile Include="skills/swordman/selfprovoke.cpp">
      <Filter>Source Files\Skills\Swordman</Filter>
    </ClCompile>
    <ClCompile Include="skills/swordman/shieldboomerang.cpp">
      <Filter>Source Files\Skills\Swordman</Filter>
    </ClCompile>
    <ClCompile Include="skills/swordman/shieldreflect.cpp">
      <Filter>Source Files\Skills\Swordman</Filter>
    </ClCompile>
    <ClCompile Include="skills/swordman/skill_factory_swordman.cpp">
      <Filter>Source Files\Skills\Swordman</Filter>
    </ClCompile>
    <ClCompile Include="skills/swordman/smite.cpp">
      <Filter>Source Files\Skills\Swordman</Filter>
    </ClCompile>
    <ClCompile Include="skills/swordman/spearboomerang.cpp">
      <Filter>Source Files\Skills\Swordman</Filter>
    </ClCompile>
    <ClCompile Include="skills/swordman/spearstab.cpp">
      <Filter>Source Files\Skills\Swordman</Filter>
    </ClCompile>
    <ClCompile Include="skills/swordman/spiralpierce.cpp">
      <Filter>Source Files\Skills\Swordman</Filter>
    </ClCompile>
    <ClCompile Include="skills/swordman/traumaticblow.cpp">
      <Filter>Source Files\Skills\Swordman</Filter>
    </ClCompile>
    <ClCompile Include="skills/swordman/vitalstrike.cpp">
      <Filter>Source Files\Skills\Swordman</Filter>
    </ClCompile>
    <ClCompile Include="skills/taekwon/circleofdirectionsandelementals.cpp">
      <Filter>Source Files\Skills\Taekwon</Filter>
    </ClCompile>
    <ClCompile Include="skills/taekwon/counter.cpp">
      <Filter>Source Files\Skills\Taekwon</Filter>
    </ClCompile>
    <ClCompile Include="skills/taekwon/downkick.cpp">
      <Filter>Source Files\Skills\Taekwon</Filter>
    </ClCompile>
    <ClCompile Include="skills/taekwon/eska.cpp">
      <Filter>Source Files\Skills\Taekwon</Filter>
    </ClCompile>
    <ClCompile Include="skills/taekwon/eske.cpp">
      <Filter>Source Files\Skills\Taekwon</Filter>
    </ClCompile>
    <ClCompile Include="skills/taekwon/esma.cpp">
      <Filter>Source Files\Skills\Taekwon</Filter>
    </ClCompile>
    <ClCompile Include="skills/taekwon/estin.cpp">
      <Filter>Source Files\Skills\Taekwon</Filter>
    </ClCompile>
    <ClCompile Include="skills/taekwon/estun.cpp">
      <Filter>Source Files\Skills\Taekwon</Filter>
    </ClCompile>
    <ClCompile Include="skills/taekwon/eswoo.cpp">
      <Filter>Source Files\Skills\Taekwon</Filter>
    </ClCompile>

    <ClCompile Include="skills/taekwon/exorcismofmalicioussoul.cpp">
      <Filter>Source Files\Skills\Taekwon</Filter>
    </ClCompile>
    <ClCompile Include="skills/taekwon/feelingthesunmoonandstars.cpp">
      <Filter>Source Files\Skills\Taekwon</Filter>
    </ClCompile>
    <ClCompile Include="skills/taekwon/hatredofthesunmoonandstars.cpp">
      <Filter>Source Files\Skills\Taekwon</Filter>
    </ClCompile>
    <ClCompile Include="skills/taekwon/highjump.cpp">
      <Filter>Source Files\Skills\Taekwon</Filter>
    </ClCompile>
    <ClCompile Include="skills/taekwon/jumpkick.cpp">
      <Filter>Source Files\Skills\Taekwon</Filter>
    </ClCompile>
    <ClCompile Include="skills/taekwon/kaahi.cpp">
      <Filter>Source Files\Skills\Taekwon</Filter>
    </ClCompile>
    <ClCompile Include="skills/taekwon/kaite.cpp">
      <Filter>Source Files\Skills\Taekwon</Filter>
    </ClCompile>
    <ClCompile Include="skills/taekwon/kaizel.cpp">
      <Filter>Source Files\Skills\Taekwon</Filter>
    </ClCompile>
    <ClCompile Include="skills/taekwon/kaupe.cpp">
      <Filter>Source Files\Skills\Taekwon</Filter>
    </ClCompile>
    <ClCompile Include="skills/taekwon/mission.cpp">
      <Filter>Source Files\Skills\Taekwon</Filter>
    </ClCompile>
    <ClCompile Include="skills/taekwon/run.cpp">
      <Filter>Source Files\Skills\Taekwon</Filter>
    </ClCompile>
    <ClCompile Include="skills/taekwon/sevenwind.cpp">
      <Filter>Source Files\Skills\Taekwon</Filter>
    </ClCompile>
    <ClCompile Include="skills/taekwon/skill_factory_taekwon.cpp">
      <Filter>Source Files\Skills\Taekwon</Filter>
    </ClCompile>
    <ClCompile Include="skills/taekwon/soulgathering.cpp">
      <Filter>Source Files\Skills\Taekwon</Filter>
    </ClCompile>
    <ClCompile Include="skills/taekwon/soulofheavenandearth.cpp">
      <Filter>Source Files\Skills\Taekwon</Filter>
    </ClCompile>
    <ClCompile Include="skills/taekwon/spiritofrebirth.cpp">
      <Filter>Source Files\Skills\Taekwon</Filter>
    </ClCompile>
    <ClCompile Include="skills/taekwon/spiritofthealchemist.cpp">
      <Filter>Source Files\Skills\Taekwon</Filter>
    </ClCompile>
    <ClCompile Include="skills/taekwon/spiritoftheartist.cpp">
      <Filter>Source Files\Skills\Taekwon</Filter>
    </ClCompile>
    <ClCompile Include="skills/taekwon/spiritoftheassasin.cpp">
      <Filter>Source Files\Skills\Taekwon</Filter>
    </ClCompile>
    <ClCompile Include="skills/taekwon/spiritoftheblacksmith.cpp">
      <Filter>Source Files\Skills\Taekwon</Filter>
    </ClCompile>
    <ClCompile Include="skills/taekwon/spiritofthecrusader.cpp">
      <Filter>Source Files\Skills\Taekwon</Filter>
    </ClCompile>
    <ClCompile Include="skills/taekwon/spiritofthehunter.cpp">
      <Filter>Source Files\Skills\Taekwon</Filter>
    </ClCompile>
    <ClCompile Include="skills/taekwon/spiritoftheknight.cpp">
      <Filter>Source Files\Skills\Taekwon</Filter>
    </ClCompile>
    <ClCompile Include="skills/taekwon/spiritofthemonk.cpp">
      <Filter>Source Files\Skills\Taekwon</Filter>
    </ClCompile>
    <ClCompile Include="skills/taekwon/spiritofthepriest.cpp">
      <Filter>Source Files\Skills\Taekwon</Filter>
    </ClCompile>
    <ClCompile Include="skills/taekwon/spiritoftherogue.cpp">
      <Filter>Source Files\Skills\Taekwon</Filter>
    </ClCompile>
    <ClCompile Include="skills/taekwon/spiritofthesage.cpp">
      <Filter>Source Files\Skills\Taekwon</Filter>
    </ClCompile>
    <ClCompile Include="skills/taekwon/spiritofthesoullinker.cpp">
      <Filter>Source Files\Skills\Taekwon</Filter>
    </ClCompile>
    <ClCompile Include="skills/taekwon/spiritofthestargladiator.cpp">
      <Filter>Source Files\Skills\Taekwon</Filter>
    </ClCompile>
    <ClCompile Include="skills/taekwon/spiritofthesupernovice.cpp">
      <Filter>Source Files\Skills\Taekwon</Filter>
    </ClCompile>
    <ClCompile Include="skills/taekwon/spiritofthewizard.cpp">
      <Filter>Source Files\Skills\Taekwon</Filter>
    </ClCompile>
    <ClCompile Include="skills/taekwon/stormkick.cpp">
      <Filter>Source Files\Skills\Taekwon</Filter>
    </ClCompile>
    <ClCompile Include="skills/taekwon/talismanofblacktortoise.cpp">
      <Filter>Source Files\Skills\Taekwon</Filter>
    </ClCompile>
    <ClCompile Include="skills/taekwon/talismanofbluedragon.cpp">
      <Filter>Source Files\Skills\Taekwon</Filter>
    </ClCompile>
    <ClCompile Include="skills/taekwon/talismanoffiveelements.cpp">
      <Filter>Source Files\Skills\Taekwon</Filter>
    </ClCompile>
    <ClCompile Include="skills/taekwon/talismanoffourbearinggod.cpp">
      <Filter>Source Files\Skills\Taekwon</Filter>
    </ClCompile>
    <ClCompile Include="skills/taekwon/talismanofmagician.cpp">
      <Filter>Source Files\Skills\Taekwon</Filter>
    </ClCompile>
    <ClCompile Include="skills/taekwon/talismanofprotection.cpp">
      <Filter>Source Files\Skills\Taekwon</Filter>
    </ClCompile>
    <ClCompile Include="skills/taekwon/talismanofredphoenix.cpp">
      <Filter>Source Files\Skills\Taekwon</Filter>
    </ClCompile>
    <ClCompile Include="skills/taekwon/talismanofsoulstealing.cpp">
      <Filter>Source Files\Skills\Taekwon</Filter>
    </ClCompile>
    <ClCompile Include="skills/taekwon/talismanofwarrior.cpp">
      <Filter>Source Files\Skills\Taekwon</Filter>
    </ClCompile>
    <ClCompile Include="skills/taekwon/talismanofwhitetiger.cpp">
      <Filter>Source Files\Skills\Taekwon</Filter>
    </ClCompile>
    <ClCompile Include="skills/taekwon/totemoftutelary.cpp">
      <Filter>Source Files\Skills\Taekwon</Filter>
    </ClCompile>
    <ClCompile Include="skills/taekwon/turnkick.cpp">
      <Filter>Source Files\Skills\Taekwon</Filter>
    </ClCompile>
    <ClCompile Include="skills/taekwon/warmthofthemoon.cpp">
      <Filter>Source Files\Skills\Taekwon</Filter>
    </ClCompile>
    <ClCompile Include="skills/taekwon/warmthofthestars.cpp">
      <Filter>Source Files\Skills\Taekwon</Filter>
    </ClCompile>
    <ClCompile Include="skills/taekwon/warmthofthesun.cpp">
      <Filter>Source Files\Skills\Taekwon</Filter>
    </ClCompile>
    <ClCompile Include="skills/thief/backslide.cpp">
      <Filter>Source Files\Skills\Thief</Filter>
    </ClCompile>
    <ClCompile Include="skills/thief/backstab.cpp">
      <Filter>Source Files\Skills\Thief</Filter>
    </ClCompile>
    <ClCompile Include="skills/thief/cloaking.cpp">
      <Filter>Source Files\Skills\Thief</Filter>
    </ClCompile>
    <ClCompile Include="skills/thief/closeconfine.cpp">
      <Filter>Source Files\Skills\Thief</Filter>
    </ClCompile>
    <ClCompile Include="skills/thief/counterinstinct.cpp">
      <Filter>Source Files\Skills\Thief</Filter>
    </ClCompile>
    <ClCompile Include="skills/thief/createdeadlypoison.cpp">
      <Filter>Source Files\Skills\Thief</Filter>
    </ClCompile>
    <ClCompile Include="skills/thief/dancingknife.cpp">
      <Filter>Source Files\Skills\Thief</Filter>
    </ClCompile>
    <ClCompile Include="skills/thief/detoxify.cpp">
      <Filter>Source Files\Skills\Thief</Filter>
    </ClCompile>
    <ClCompile Include="skills/thief/divestall.cpp">
      <Filter>Source Files\Skills\Thief</Filter>
    </ClCompile>
    <ClCompile Include="skills/thief/divestarmor.cpp">
      <Filter>Source Files\Skills\Thief</Filter>
    </ClCompile>
    <ClCompile Include="skills/thief/divesthelm.cpp">
      <Filter>Source Files\Skills\Thief</Filter>
    </ClCompile>
    <ClCompile Include="skills/thief/divestshield.cpp">
      <Filter>Source Files\Skills\Thief</Filter>
    </ClCompile>
    <ClCompile Include="skills/thief/divestweapon.cpp">
      <Filter>Source Files\Skills\Thief</Filter>
    </ClCompile>
    <ClCompile Include="skills/thief/enchantdeadlypoison.cpp">
      <Filter>Source Files\Skills\Thief</Filter>
    </ClCompile>
    <ClCompile Include="skills/thief/enchantpoison.cpp">
      <Filter>Source Files\Skills\Thief</Filter>
    </ClCompile>
    <ClCompile Include="skills/thief/envenom.cpp">
      <Filter>Source Files\Skills\Thief</Filter>
    </ClCompile>
    <ClCompile Include="skills/thief/eternalslash.cpp">
      <Filter>Source Files\Skills\Thief</Filter>
    </ClCompile>
    <ClCompile Include="skills/thief/fatalshadowcrow.cpp">
      <Filter>Source Files\Skills\Thief</Filter>
    </ClCompile>
    <ClCompile Include="skills/thief/findstone.cpp">
      <Filter>Source Files\Skills\Thief</Filter>
    </ClCompile>
    <ClCompile Include="skills/thief/grimtooth.cpp">
      <Filter>Source Files\Skills\Thief</Filter>
    </ClCompile>
    <ClCompile Include="skills/thief/hiding.cpp">
      <Filter>Source Files\Skills\Thief</Filter>
    </ClCompile>
    <ClCompile Include="skills/thief/impactcrater.cpp">
      <Filter>Source Files\Skills\Thief</Filter>
    </ClCompile>
    <ClCompile Include="skills/thief/meteorassault.cpp">
      <Filter>Source Files\Skills\Thief</Filter>
    </ClCompile>
    <ClCompile Include="skills/thief/mug.cpp">
      <Filter>Source Files\Skills\Thief</Filter>
    </ClCompile>
    <ClCompile Include="skills/thief/remover.cpp">
      <Filter>Source Files\Skills\Thief</Filter>
    </ClCompile>
    <ClCompile Include="skills/thief/sandattack.cpp">
      <Filter>Source Files\Skills\Thief</Filter>
    </ClCompile>
    <ClCompile Include="skills/thief/savageimpact.cpp">
      <Filter>Source Files\Skills\Thief</Filter>
    </ClCompile>
    <ClCompile Include="skills/thief/scribble.cpp">
      <Filter>Source Files\Skills\Thief</Filter>
    </ClCompile>
    <ClCompile Include="skills/thief/shadowstab.cpp">
      <Filter>Source Files\Skills\Thief</Filter>
    </ClCompile>
    <ClCompile Include="skills/thief/crossslash.cpp">
      <Filter>Source Files\Skills\Thief</Filter>
    </ClCompile>
    <ClCompile Include="skills/thief/sightlessmind.cpp">
      <Filter>Source Files\Skills\Thief</Filter>
    </ClCompile>
    <ClCompile Include="skills/thief/skill_factory_thief.cpp">
      <Filter>Source Files\Skills\Thief</Filter>
    </ClCompile>
    <ClCompile Include="skills/thief/snatch.cpp">
      <Filter>Source Files\Skills\Thief</Filter>
    </ClCompile>
    <ClCompile Include="skills/thief/sonicblow.cpp">
      <Filter>Source Files\Skills\Thief</Filter>
    </ClCompile>
    <ClCompile Include="skills/thief/souldestroyer.cpp">
      <Filter>Source Files\Skills\Thief</Filter>
    </ClCompile>
    <ClCompile Include="skills/thief/steal.cpp">
      <Filter>Source Files\Skills\Thief</Filter>
    </ClCompile>
    <ClCompile Include="skills/thief/stealth.cpp">
      <Filter>Source Files\Skills\Thief</Filter>
    </ClCompile>
    <ClCompile Include="skills/thief/stonefling.cpp">
      <Filter>Source Files\Skills\Thief</Filter>
    </ClCompile>
    <ClCompile Include="skills/thief/throwvenomknife.cpp">
      <Filter>Source Files\Skills\Thief</Filter>
    </ClCompile>
    <ClCompile Include="skills/thief/venomdust.cpp">
      <Filter>Source Files\Skills\Thief</Filter>
    </ClCompile>
    <ClCompile Include="skills/thief/venomsplasher.cpp">
      <Filter>Source Files\Skills\Thief</Filter>
    </ClCompile>
    <ClCompile Include="skills/weapon_skill_impl.cpp">
      <Filter>Source Files\Skills</Filter>
    </ClCompile>
  </ItemGroup>
</Project>
