<?xml version="1.0" encoding="utf-8"?>
<Project ToolsVersion="4.0" xmlns="http://schemas.microsoft.com/developer/msbuild/2003">
  <ItemGroup>
    <ClCompile Include="..\src\login\account.c">
      <Filter>login</Filter>
    </ClCompile>
    <ClCompile Include="..\src\login\ipban.c">
      <Filter>login</Filter>
    </ClCompile>
    <ClCompile Include="..\src\login\login.c">
      <Filter>login</Filter>
    </ClCompile>
    <ClCompile Include="..\src\login\loginchrif.c">
      <Filter>login</Filter>
    </ClCompile>
    <ClCompile Include="..\src\login\loginclif.c">
      <Filter>login</Filter>
    </ClCompile>
    <ClCompile Include="..\src\login\logincnslif.c">
      <Filter>login</Filter>
    </ClCompile>
    <ClCompile Include="..\src\login\loginlog.c">
      <Filter>login</Filter>
    </ClCompile>
    <ClCompile Include="..\src\common\core.c">
      <Filter>common</Filter>
    </ClCompile>
    <ClCompile Include="..\src\common\conf.c">
      <Filter>common</Filter>
    </ClCompile>
    <ClCompile Include="..\src\common\db.c">
      <Filter>common</Filter>
    </ClCompile>
    <ClCompile Include="..\src\common\ers.c">
      <Filter>common</Filter>
    </ClCompile>
    <ClCompile Include="..\src\common\malloc.c">
      <Filter>common</Filter>
    </ClCompile>
    <ClCompile Include="..\src\common\md5calc.c">
      <Filter>common</Filter>
    </ClCompile>
    <ClCompile Include="..\src\common\nullpo.c">
      <Filter>common</Filter>
    </ClCompile>
    <ClCompile Include="..\src\common\random.c">
      <Filter>common</Filter>
    </ClCompile>
    <ClCompile Include="..\src\common\showmsg.c">
      <Filter>common</Filter>
    </ClCompile>
    <ClCompile Include="..\src\common\socket.c">
      <Filter>common</Filter>
    </ClCompile>
    <ClCompile Include="..\src\common\sql.c">
      <Filter>common</Filter>
    </ClCompile>
    <ClCompile Include="..\src\common\strlib.c">
      <Filter>common</Filter>
    </ClCompile>
    <ClCompile Include="..\src\common\timer.c">
      <Filter>common</Filter>
    </ClCompile>
    <ClCompile Include="..\src\common\utils.c">
      <Filter>common</Filter>
    </ClCompile>
    <ClCompile Include="..\3rdparty\mt19937ar\mt19937ar.c">
      <Filter>3rdparty\mt19937ar</Filter>
    </ClCompile>
    <ClCompile Include="..\3rdparty\libconfig\grammar.c">
      <Filter>3rdparty\libconfig</Filter>
    </ClCompile>
    <ClCompile Include="..\3rdparty\libconfig\libconfig.c">
      <Filter>3rdparty\libconfig</Filter>
    </ClCompile>
    <ClCompile Include="..\3rdparty\libconfig\scanctx.c">
      <Filter>3rdparty\libconfig</Filter>
    </ClCompile>
    <ClCompile Include="..\3rdparty\libconfig\scanner.c">
      <Filter>3rdparty\libconfig</Filter>
    </ClCompile>
    <ClCompile Include="..\3rdparty\libconfig\strbuf.c">
      <Filter>3rdparty\libconfig</Filter>
    </ClCompile>
    <ClCompile Include="..\src\common\thread.c">
      <Filter>common</Filter>
    </ClCompile>
    <ClCompile Include="..\src\common\mutex.c">
      <Filter>common</Filter>
    </ClCompile>
    <ClCompile Include="..\src\common\mempool.c">
      <Filter>common</Filter>
    </ClCompile>
    <ClCompile Include="..\src\common\raconf.c">
      <Filter>common</Filter>
    </ClCompile>
  </ItemGroup>
  <ItemGroup>
    <ClInclude Include="..\src\login\account.h">
      <Filter>login</Filter>
    </ClInclude>
    <ClInclude Include="..\src\login\ipban.h">
      <Filter>login</Filter>
    </ClInclude>
    <ClInclude Include="..\src\login\login.h">
      <Filter>login</Filter>
    </ClInclude>
    <ClInclude Include="..\src\login\loginchrif.h">
      <Filter>login</Filter>
    </ClInclude>
    <ClInclude Include="..\src\login\loginclif.h">
      <Filter>login</Filter>
    </ClInclude>
    <ClInclude Include="..\src\login\logincnslif.h">
      <Filter>login</Filter>
    </ClInclude>
    <ClInclude Include="..\src\login\loginlog.h">
      <Filter>login</Filter>
    </ClInclude>
    <ClInclude Include="..\src\common\cbasetypes.h">
      <Filter>common</Filter>
    </ClInclude>
    <ClInclude Include="..\src\common\core.h">
      <Filter>common</Filter>
    </ClInclude>
    <ClInclude Include="..\src\common\conf.h">
      <Filter>common</Filter>
    </ClInclude>
    <ClInclude Include="..\src\common\db.h">
      <Filter>common</Filter>
    </ClInclude>
    <ClInclude Include="..\src\common\ers.h">
      <Filter>common</Filter>
    </ClInclude>
    <ClInclude Include="..\src\common\malloc.h">
      <Filter>common</Filter>
    </ClInclude>
    <ClInclude Include="..\src\common\md5calc.h">
      <Filter>common</Filter>
    </ClInclude>
    <ClInclude Include="..\src\common\mmo.h">
      <Filter>common</Filter>
    </ClInclude>
    <ClInclude Include="..\src\common\nullpo.h">
      <Filter>common</Filter>
    </ClInclude>
    <ClInclude Include="..\src\common\random.h">
      <Filter>common</Filter>
    </ClInclude>
    <ClInclude Include="..\src\common\showmsg.h">
      <Filter>common</Filter>
    </ClInclude>
    <ClInclude Include="..\src\common\socket.h">
      <Filter>common</Filter>
    </ClInclude>
    <ClInclude Include="..\src\common\sql.h">
      <Filter>common</Filter>
    </ClInclude>
    <ClInclude Include="..\src\common\strlib.h">
      <Filter>common</Filter>
    </ClInclude>
    <ClInclude Include="..\src\common\timer.h">
      <Filter>common</Filter>
    </ClInclude>
    <ClInclude Include="..\src\common\utils.h">
      <Filter>common</Filter>
    </ClInclude>
    <ClInclude Include="..\3rdparty\mt19937ar\mt19937ar.h">
      <Filter>3rdparty\mt19937ar</Filter>
    </ClInclude>
    <ClInclude Include="..\3rdparty\libconfig\grammar.h">
      <Filter>3rdparty\libconfig</Filter>
    </ClInclude>
    <ClInclude Include="..\3rdparty\libconfig\libconfig.h">
      <Filter>3rdparty\libconfig</Filter>
    </ClInclude>
    <ClInclude Include="..\3rdparty\libconfig\parsectx.h">
      <Filter>3rdparty\libconfig</Filter>
    </ClInclude>
    <ClInclude Include="..\3rdparty\libconfig\scanctx.h">
      <Filter>3rdparty\libconfig</Filter>
    </ClInclude>
    <ClInclude Include="..\3rdparty\libconfig\scanner.h">
      <Filter>3rdparty\libconfig</Filter>
    </ClInclude>
    <ClInclude Include="..\3rdparty\libconfig\strbuf.h">
      <Filter>3rdparty\libconfig</Filter>
    </ClInclude>
    <ClInclude Include="..\3rdparty\libconfig\wincompat.h">
      <Filter>3rdparty\libconfig</Filter>
    </ClInclude>
    <ClInclude Include="..\src\common\winapi.h">
      <Filter>common</Filter>
    </ClInclude>
    <ClInclude Include="..\src\common\thread.h">
      <Filter>common</Filter>
    </ClInclude>
    <ClInclude Include="..\src\common\mutex.h">
      <Filter>common</Filter>
    </ClInclude>
    <ClInclude Include="..\src\common\mempool.h">
      <Filter>common</Filter>
    </ClInclude>
    <ClInclude Include="..\src\common\raconf.h">
      <Filter>common</Filter>
    </ClInclude>
  </ItemGroup>
  <ItemGroup>
    <Filter Include="common">
      <UniqueIdentifier>{b50ee803-e71d-4d41-8f7d-2dad5839df50}</UniqueIdentifier>
    </Filter>
    <Filter Include="login">
      <UniqueIdentifier>{8eea96ed-d379-4694-ae2e-ffb0be95170c}</UniqueIdentifier>
    </Filter>
    <Filter Include="3rdparty">
      <UniqueIdentifier>{ab5c90ec-923d-4847-a214-45b40818211e}</UniqueIdentifier>
    </Filter>
    <Filter Include="3rdparty\mt19937ar">
      <UniqueIdentifier>{68e3bcee-28d9-4b2d-8701-614d50f32999}</UniqueIdentifier>
    </Filter>
    <Filter Include="3rdparty\libconfig">
      <UniqueIdentifier>{779e8145-9bb2-4a88-9149-60586ab0bdd4}</UniqueIdentifier>
    </Filter>
  </ItemGroup>
</Project>
