<?xml version="1.0" encoding="utf-8"?>
<Project ToolsVersion="4.0" xmlns="http://schemas.microsoft.com/developer/msbuild/2003">
  <ItemGroup>
    <Filter Include="Source Files">
      <UniqueIdentifier>{4FC737F1-C7A5-4376-A066-2A32D752A2FF}</UniqueIdentifier>
      <Extensions>cpp;c;cc;cxx;def;odl;idl;hpj;bat;asm;asmx</Extensions>
    </Filter>
    <Filter Include="Header Files">
      <UniqueIdentifier>{93995380-89BD-4b04-88EB-625FBE52EBFB}</UniqueIdentifier>
      <Extensions>h;hh;hpp;hxx;hm;inl;inc;xsd</Extensions>
    </Filter>
  </ItemGroup>
  <ItemGroup>
    <ClInclude Include="cbasetypes.hpp">
      <Filter>Header Files</Filter>
    </ClInclude>
    <ClInclude Include="cli.hpp">
      <Filter>Header Files</Filter>
    </ClInclude>
    <ClInclude Include="conf.hpp">
      <Filter>Header Files</Filter>
    </ClInclude>
    <ClInclude Include="core.hpp">
      <Filter>Header Files</Filter>
    </ClInclude>
    <ClInclude Include="des.hpp">
      <Filter>Header Files</Filter>
    </ClInclude>
    <ClInclude Include="grfio.hpp">
      <Filter>Header Files</Filter>
    </ClInclude>
    <ClInclude Include="malloc.hpp">
      <Filter>Header Files</Filter>
    </ClInclude>
    <ClInclude Include="mapindex.hpp">
      <Filter>Header Files</Filter>
    </ClInclude>
    <ClInclude Include="md5calc.hpp">
      <Filter>Header Files</Filter>
    </ClInclude>
    <ClInclude Include="mmo.hpp">
      <Filter>Header Files</Filter>
    </ClInclude>
    <ClInclude Include="msg_conf.hpp">
      <Filter>Header Files</Filter>
    </ClInclude>
    <ClInclude Include="nullpo.hpp">
      <Filter>Header Files</Filter>
    </ClInclude>
    <ClInclude Include="random.hpp">
      <Filter>Header Files</Filter>
    </ClInclude>
    <ClInclude Include="showmsg.hpp">
      <Filter>Header Files</Filter>
    </ClInclude>
    <ClInclude Include="strlib.hpp">
      <Filter>Header Files</Filter>
    </ClInclude>
    <ClInclude Include="utils.hpp">
      <Filter>Header Files</Filter>
    </ClInclude>
    <ClInclude Include="winapi.hpp">
      <Filter>Header Files</Filter>
    </ClInclude>
  </ItemGroup>
  <ItemGroup>
    <ClCompile Include="cli.cpp">
      <Filter>Source Files</Filter>
    </ClCompile>
    <ClCompile Include="conf.cpp">
      <Filter>Source Files</Filter>
    </ClCompile>
    <ClCompile Include="core.cpp">
      <Filter>Source Files</Filter>
    </ClCompile>
    <ClCompile Include="des.cpp">
      <Filter>Source Files</Filter>
    </ClCompile>
    <ClCompile Include="grfio.cpp">
      <Filter>Source Files</Filter>
    </ClCompile>
    <ClCompile Include="malloc.cpp">
      <Filter>Source Files</Filter>
    </ClCompile>
    <ClCompile Include="mapindex.cpp">
      <Filter>Source Files</Filter>
    </ClCompile>
    <ClCompile Include="md5calc.cpp">
      <Filter>Source Files</Filter>
    </ClCompile>
    <ClCompile Include="msg_conf.cpp">
      <Filter>Source Files</Filter>
    </ClCompile>
    <ClCompile Include="nullpo.cpp">
      <Filter>Source Files</Filter>
    </ClCompile>
    <ClCompile Include="random.cpp">
      <Filter>Source Files</Filter>
    </ClCompile>
    <ClCompile Include="showmsg.cpp">
      <Filter>Source Files</Filter>
    </ClCompile>
    <ClCompile Include="strlib.cpp">
      <Filter>Source Files</Filter>
    </ClCompile>
    <ClCompile Include="utils.cpp">
      <Filter>Source Files</Filter>
    </ClCompile>
    <ClInclude Include="winapi.cpp">
      <Filter>Source Files</Filter>
    </ClInclude>
  </ItemGroup>
</Project>
