<?xml version="1.0" encoding="utf-8"?>
<Project ToolsVersion="4.0" xmlns="http://schemas.microsoft.com/developer/msbuild/2003">
  <ItemGroup>
    <Filter Include="Source Files">
      <UniqueIdentifier>{4FC737F1-C7A5-4376-A066-2A32D752A2FF}</UniqueIdentifier>
      <Extensions>cpp;c;cc;cxx;def;odl;idl;hpj;bat;asm;asmx</Extensions>
    </Filter>
    <Filter Include="Header Files">
      <UniqueIdentifier>{93995380-89BD-4b04-88EB-625FBE52EBFB}</UniqueIdentifier>
      <Extensions>h;hh;hpp;hxx;hm;inl;inc;xsd</Extensions>
    </Filter>
  </ItemGroup>
  <ItemGroup>
    <ClInclude Include="cbasetypes.h">
      <Filter>Header Files</Filter>
    </ClInclude>
    <ClInclude Include="cli.h">
      <Filter>Header Files</Filter>
    </ClInclude>
    <ClInclude Include="conf.h">
      <Filter>Header Files</Filter>
    </ClInclude>
    <ClInclude Include="core.h">
      <Filter>Header Files</Filter>
    </ClInclude>
    <ClInclude Include="des.h">
      <Filter>Header Files</Filter>
    </ClInclude>
    <ClInclude Include="grfio.h">
      <Filter>Header Files</Filter>
    </ClInclude>
    <ClInclude Include="malloc.h">
      <Filter>Header Files</Filter>
    </ClInclude>
    <ClInclude Include="mapindex.h">
      <Filter>Header Files</Filter>
    </ClInclude>
    <ClInclude Include="md5calc.h">
      <Filter>Header Files</Filter>
    </ClInclude>
    <ClInclude Include="mmo.h">
      <Filter>Header Files</Filter>
    </ClInclude>
    <ClInclude Include="msg_conf.h">
      <Filter>Header Files</Filter>
    </ClInclude>
    <ClInclude Include="nullpo.h">
      <Filter>Header Files</Filter>
    </ClInclude>
    <ClInclude Include="raconf.h">
      <Filter>Header Files</Filter>
    </ClInclude>
    <ClInclude Include="random.h">
      <Filter>Header Files</Filter>
    </ClInclude>
    <ClInclude Include="showmsg.h">
      <Filter>Header Files</Filter>
    </ClInclude>
    <ClInclude Include="strlib.h">
      <Filter>Header Files</Filter>
    </ClInclude>
    <ClInclude Include="utils.h">
      <Filter>Header Files</Filter>
    </ClInclude>
    <ClInclude Include="winapi.hpp">
      <Filter>Header Files</Filter>
    </ClInclude>
  </ItemGroup>
  <ItemGroup>
    <ClCompile Include="cli.c">
      <Filter>Source Files</Filter>
    </ClCompile>
    <ClCompile Include="conf.c">
      <Filter>Source Files</Filter>
    </ClCompile>
    <ClCompile Include="core.cpp">
      <Filter>Source Files</Filter>
    </ClCompile>
    <ClCompile Include="des.c">
      <Filter>Source Files</Filter>
    </ClCompile>
    <ClCompile Include="grfio.c">
      <Filter>Source Files</Filter>
    </ClCompile>
    <ClCompile Include="malloc.c">
      <Filter>Source Files</Filter>
    </ClCompile>
    <ClCompile Include="mapindex.c">
      <Filter>Source Files</Filter>
    </ClCompile>
    <ClCompile Include="md5calc.c">
      <Filter>Source Files</Filter>
    </ClCompile>
    <ClCompile Include="msg_conf.c">
      <Filter>Source Files</Filter>
    </ClCompile>
    <ClCompile Include="nullpo.c">
      <Filter>Source Files</Filter>
    </ClCompile>
    <ClCompile Include="raconf.c">
      <Filter>Source Files</Filter>
    </ClCompile>
    <ClCompile Include="random.c">
      <Filter>Source Files</Filter>
    </ClCompile>
    <ClCompile Include="showmsg.c">
      <Filter>Source Files</Filter>
    </ClCompile>
    <ClCompile Include="strlib.c">
      <Filter>Source Files</Filter>
    </ClCompile>
    <ClCompile Include="utils.c">
      <Filter>Source Files</Filter>
    </ClCompile>
    <ClInclude Include="winapi.cpp">
      <Filter>Source Files</Filter>
    </ClInclude>
  </ItemGroup>
</Project>
